// !$*UTF8*$!
{
	archiveVersion = 1;
	classes = {
	};
	objectVersion = 48;
	objects = {

/* Begin PBXBuildFile section */
		150066A0F0D845A7E6B4F319 /* Pods_ArkhamHorrorKit_macOSTests.framework in Frameworks */ = {isa = PBXBuildFile; fileRef = BBD970C05946780D19896C7F /* Pods_ArkhamHorrorKit_macOSTests.framework */; };
		3764492D6961AA54168F2563 /* Pods_ArkhamHorrorKit_iOSTests.framework in Frameworks */ = {isa = PBXBuildFile; fileRef = 7F04466D3EFBF00B2C7700C6 /* Pods_ArkhamHorrorKit_iOSTests.framework */; };
		56A4CBEAE2957D33B0C9E53A /* Pods_ArkhamHorrorKit_iOS.framework in Frameworks */ = {isa = PBXBuildFile; fileRef = F26C2B14B385004DB7863952 /* Pods_ArkhamHorrorKit_iOS.framework */; };
		A3F02738298214FEACF91D64 /* Pods_ArkhamHorrorKit_macOS.framework in Frameworks */ = {isa = PBXBuildFile; fileRef = 6F508E71D6325C8E474FB55A /* Pods_ArkhamHorrorKit_macOS.framework */; };
		A508E3F9200FA0BB00067885 /* FileChecksum.swift in Sources */ = {isa = PBXBuildFile; fileRef = A508E3F8200FA0BB00067885 /* FileChecksum.swift */; };
		A508E3FA200FA0CD00067885 /* FileChecksum.swift in Sources */ = {isa = PBXBuildFile; fileRef = A508E3F8200FA0BB00067885 /* FileChecksum.swift */; };
		A508E3FC200FB1E100067885 /* JSONLoader.swift in Sources */ = {isa = PBXBuildFile; fileRef = A508E3FB200FB1E100067885 /* JSONLoader.swift */; };
		A508E3FD200FB1E100067885 /* JSONLoader.swift in Sources */ = {isa = PBXBuildFile; fileRef = A508E3FB200FB1E100067885 /* JSONLoader.swift */; };
		A51A261F1FAE7AFA004C6ED1 /* Images.xcassets in Resources */ = {isa = PBXBuildFile; fileRef = A51A261E1FAE7AFA004C6ED1 /* Images.xcassets */; };
		A51A26201FAE7B01004C6ED1 /* Images.xcassets in Resources */ = {isa = PBXBuildFile; fileRef = A51A261E1FAE7AFA004C6ED1 /* Images.xcassets */; };
		A51A264F1FAF323F004C6ED1 /* DatabaseMigrationsTests.swift in Sources */ = {isa = PBXBuildFile; fileRef = A51A264D1FAF323F004C6ED1 /* DatabaseMigrationsTests.swift */; };
		A51A26501FAF323F004C6ED1 /* DatabaseMigrationsTests.swift in Sources */ = {isa = PBXBuildFile; fileRef = A51A264D1FAF323F004C6ED1 /* DatabaseMigrationsTests.swift */; };
		A51A26511FAF323F004C6ED1 /* DatabaseTestsHelper.swift in Sources */ = {isa = PBXBuildFile; fileRef = A51A264E1FAF323F004C6ED1 /* DatabaseTestsHelper.swift */; };
		A51A26521FAF323F004C6ED1 /* DatabaseTestsHelper.swift in Sources */ = {isa = PBXBuildFile; fileRef = A51A264E1FAF323F004C6ED1 /* DatabaseTestsHelper.swift */; };
		A51A26641FAF3470004C6ED1 /* schema_v1.sql in Resources */ = {isa = PBXBuildFile; fileRef = A51A26611FAF3468004C6ED1 /* schema_v1.sql */; };
		A51A26661FAF3470004C6ED1 /* bota.json in Resources */ = {isa = PBXBuildFile; fileRef = A51A265A1FAF3467004C6ED1 /* bota.json */; };
		A51A26671FAF3470004C6ED1 /* core.json in Resources */ = {isa = PBXBuildFile; fileRef = A51A26631FAF3468004C6ED1 /* core.json */; };
		A51A26681FAF3470004C6ED1 /* dwl.json in Resources */ = {isa = PBXBuildFile; fileRef = A51A26621FAF3468004C6ED1 /* dwl.json */; };
		A51A26691FAF3470004C6ED1 /* eotp.json in Resources */ = {isa = PBXBuildFile; fileRef = A51A265E1FAF3467004C6ED1 /* eotp.json */; };
		A51A266A1FAF3470004C6ED1 /* litas.json in Resources */ = {isa = PBXBuildFile; fileRef = A51A26561FAF3467004C6ED1 /* litas.json */; };
		A51A266B1FAF3470004C6ED1 /* promo.json in Resources */ = {isa = PBXBuildFile; fileRef = A51A26571FAF3467004C6ED1 /* promo.json */; };
		A51A266C1FAF3470004C6ED1 /* ptc.json in Resources */ = {isa = PBXBuildFile; fileRef = A51A26551FAF3467004C6ED1 /* ptc.json */; };
		A51A266D1FAF3470004C6ED1 /* tece.json in Resources */ = {isa = PBXBuildFile; fileRef = A51A265C1FAF3467004C6ED1 /* tece.json */; };
		A51A266E1FAF3470004C6ED1 /* tmm.json in Resources */ = {isa = PBXBuildFile; fileRef = A51A26601FAF3468004C6ED1 /* tmm.json */; };
		A51A266F1FAF3470004C6ED1 /* tuo.json in Resources */ = {isa = PBXBuildFile; fileRef = A51A265B1FAF3467004C6ED1 /* tuo.json */; };
		A51A26701FAF3470004C6ED1 /* uau.json in Resources */ = {isa = PBXBuildFile; fileRef = A51A26581FAF3467004C6ED1 /* uau.json */; };
		A51A26711FAF3470004C6ED1 /* wda.json in Resources */ = {isa = PBXBuildFile; fileRef = A51A26591FAF3467004C6ED1 /* wda.json */; };
		A51A26841FAF347B004C6ED1 /* schema_v1.sql in Resources */ = {isa = PBXBuildFile; fileRef = A51A26611FAF3468004C6ED1 /* schema_v1.sql */; };
		A51A26861FAF347B004C6ED1 /* bota.json in Resources */ = {isa = PBXBuildFile; fileRef = A51A265A1FAF3467004C6ED1 /* bota.json */; };
		A51A26871FAF347B004C6ED1 /* core.json in Resources */ = {isa = PBXBuildFile; fileRef = A51A26631FAF3468004C6ED1 /* core.json */; };
		A51A26881FAF347B004C6ED1 /* dwl.json in Resources */ = {isa = PBXBuildFile; fileRef = A51A26621FAF3468004C6ED1 /* dwl.json */; };
		A51A26891FAF347B004C6ED1 /* eotp.json in Resources */ = {isa = PBXBuildFile; fileRef = A51A265E1FAF3467004C6ED1 /* eotp.json */; };
		A51A268A1FAF347B004C6ED1 /* litas.json in Resources */ = {isa = PBXBuildFile; fileRef = A51A26561FAF3467004C6ED1 /* litas.json */; };
		A51A268B1FAF347B004C6ED1 /* promo.json in Resources */ = {isa = PBXBuildFile; fileRef = A51A26571FAF3467004C6ED1 /* promo.json */; };
		A51A268C1FAF347B004C6ED1 /* ptc.json in Resources */ = {isa = PBXBuildFile; fileRef = A51A26551FAF3467004C6ED1 /* ptc.json */; };
		A51A268D1FAF347B004C6ED1 /* tece.json in Resources */ = {isa = PBXBuildFile; fileRef = A51A265C1FAF3467004C6ED1 /* tece.json */; };
		A51A268E1FAF347B004C6ED1 /* tmm.json in Resources */ = {isa = PBXBuildFile; fileRef = A51A26601FAF3468004C6ED1 /* tmm.json */; };
		A51A268F1FAF347B004C6ED1 /* tuo.json in Resources */ = {isa = PBXBuildFile; fileRef = A51A265B1FAF3467004C6ED1 /* tuo.json */; };
		A51A26901FAF347B004C6ED1 /* uau.json in Resources */ = {isa = PBXBuildFile; fileRef = A51A26581FAF3467004C6ED1 /* uau.json */; };
		A51A26911FAF347B004C6ED1 /* wda.json in Resources */ = {isa = PBXBuildFile; fileRef = A51A26591FAF3467004C6ED1 /* wda.json */; };
		A51A26971FAF35D6004C6ED1 /* schema_v1.sql in Resources */ = {isa = PBXBuildFile; fileRef = A51A26611FAF3468004C6ED1 /* schema_v1.sql */; };
		A51A26A71FAF35D7004C6ED1 /* schema_v1.sql in Resources */ = {isa = PBXBuildFile; fileRef = A51A26611FAF3468004C6ED1 /* schema_v1.sql */; };
		A51DBA421FDEF86500B247A4 /* Helpers.swift in Sources */ = {isa = PBXBuildFile; fileRef = A51DBA411FDEF86500B247A4 /* Helpers.swift */; };
		A51DBA431FDEF86500B247A4 /* Helpers.swift in Sources */ = {isa = PBXBuildFile; fileRef = A51DBA411FDEF86500B247A4 /* Helpers.swift */; };
		A53E36CE1FCC97A20002F85A /* cycles.json in Resources */ = {isa = PBXBuildFile; fileRef = A53E36CC1FCC97A20002F85A /* cycles.json */; };
		A53E36CF1FCC97A20002F85A /* cycles.json in Resources */ = {isa = PBXBuildFile; fileRef = A53E36CC1FCC97A20002F85A /* cycles.json */; };
		A53E36D01FCC97A20002F85A /* packs.json in Resources */ = {isa = PBXBuildFile; fileRef = A53E36CD1FCC97A20002F85A /* packs.json */; };
		A53E36D11FCC97A20002F85A /* packs.json in Resources */ = {isa = PBXBuildFile; fileRef = A53E36CD1FCC97A20002F85A /* packs.json */; };
		A53E36DF1FCCACFE0002F85A /* eotpV1.json in Resources */ = {isa = PBXBuildFile; fileRef = A53E36DE1FCCACFE0002F85A /* eotpV1.json */; };
		A53E36E01FCCACFE0002F85A /* eotpV1.json in Resources */ = {isa = PBXBuildFile; fileRef = A53E36DE1FCCACFE0002F85A /* eotpV1.json */; };
		A53E370E1FCDBA080002F85A /* CardFTSRecord.swift in Sources */ = {isa = PBXBuildFile; fileRef = A53E370D1FCDBA080002F85A /* CardFTSRecord.swift */; };
		A53E370F1FCDBA080002F85A /* CardFTSRecord.swift in Sources */ = {isa = PBXBuildFile; fileRef = A53E370D1FCDBA080002F85A /* CardFTSRecord.swift */; };
		A557A7E71FB0E63A007B9D6F /* DeckFilter.swift in Sources */ = {isa = PBXBuildFile; fileRef = A557A7E61FB0E63A007B9D6F /* DeckFilter.swift */; };
		A557A7E81FB0E641007B9D6F /* DeckFilter.swift in Sources */ = {isa = PBXBuildFile; fileRef = A557A7E61FB0E63A007B9D6F /* DeckFilter.swift */; };
		A557A7EA1FB0E65E007B9D6F /* DeckSortingDescriptor.swift in Sources */ = {isa = PBXBuildFile; fileRef = A557A7E91FB0E65E007B9D6F /* DeckSortingDescriptor.swift */; };
		A55DEB391FCA3D5700141FED /* CardImageStore.swift in Sources */ = {isa = PBXBuildFile; fileRef = A55DEB381FCA3D5700141FED /* CardImageStore.swift */; };
		A55DEB3A1FCA3D5700141FED /* CardImageStore.swift in Sources */ = {isa = PBXBuildFile; fileRef = A55DEB381FCA3D5700141FED /* CardImageStore.swift */; };
		A55DEB3C1FCA4A7500141FED /* CardImageStoreTests.swift in Sources */ = {isa = PBXBuildFile; fileRef = A55DEB3B1FCA4A7500141FED /* CardImageStoreTests.swift */; };
		A55DEB3D1FCA4A7500141FED /* CardImageStoreTests.swift in Sources */ = {isa = PBXBuildFile; fileRef = A55DEB3B1FCA4A7500141FED /* CardImageStoreTests.swift */; };
		A563C3701FB11D670060FE8C /* CardStoreTests.swift in Sources */ = {isa = PBXBuildFile; fileRef = A563C36F1FB11D670060FE8C /* CardStoreTests.swift */; };
		A563C3711FB11D670060FE8C /* CardStoreTests.swift in Sources */ = {isa = PBXBuildFile; fileRef = A563C36F1FB11D670060FE8C /* CardStoreTests.swift */; };
		A5653C031FB1FCDE00862AC1 /* AHDatabaseTests.swift in Sources */ = {isa = PBXBuildFile; fileRef = A5653C021FB1FCDE00862AC1 /* AHDatabaseTests.swift */; };
		A5653C041FB1FCDE00862AC1 /* AHDatabaseTests.swift in Sources */ = {isa = PBXBuildFile; fileRef = A5653C021FB1FCDE00862AC1 /* AHDatabaseTests.swift */; };
		A5653C051FB1FFCB00862AC1 /* base_core_updated.json in Resources */ = {isa = PBXBuildFile; fileRef = A5653BFF1FB1FC5600862AC1 /* base_core_updated.json */; };
		A5653C061FB1FFCC00862AC1 /* base_core_updated.json in Resources */ = {isa = PBXBuildFile; fileRef = A5653BFF1FB1FC5600862AC1 /* base_core_updated.json */; };
		A5653C081FB2037600862AC1 /* packs_update.json in Resources */ = {isa = PBXBuildFile; fileRef = A5653C071FB2037600862AC1 /* packs_update.json */; };
		A5653C091FB2037600862AC1 /* packs_update.json in Resources */ = {isa = PBXBuildFile; fileRef = A5653C071FB2037600862AC1 /* packs_update.json */; };
		A5653C0D1FB20EE200862AC1 /* cyclesV1.json in Resources */ = {isa = PBXBuildFile; fileRef = A5653C0B1FB20A1100862AC1 /* cyclesV1.json */; };
		A5653C0E1FB20EE200862AC1 /* packsV1.json in Resources */ = {isa = PBXBuildFile; fileRef = A5653C0C1FB20A1100862AC1 /* packsV1.json */; };
		A5653C131FB20EE300862AC1 /* cyclesV1.json in Resources */ = {isa = PBXBuildFile; fileRef = A5653C0B1FB20A1100862AC1 /* cyclesV1.json */; };
		A5653C141FB20EE300862AC1 /* packsV1.json in Resources */ = {isa = PBXBuildFile; fileRef = A5653C0C1FB20A1100862AC1 /* packsV1.json */; };
		A5653C171FB2174000862AC1 /* non_card_file.json in Resources */ = {isa = PBXBuildFile; fileRef = A5653C161FB2174000862AC1 /* non_card_file.json */; };
		A5653C181FB2174000862AC1 /* non_card_file.json in Resources */ = {isa = PBXBuildFile; fileRef = A5653C161FB2174000862AC1 /* non_card_file.json */; };
		A5779C2C1FB603F000DB9DAD /* ChaosBagDifficulty.swift in Sources */ = {isa = PBXBuildFile; fileRef = A5779C2B1FB603F000DB9DAD /* ChaosBagDifficulty.swift */; };
		A5779C2E1FB606E100DB9DAD /* ChaosToken.swift in Sources */ = {isa = PBXBuildFile; fileRef = A5779C2D1FB606E100DB9DAD /* ChaosToken.swift */; };
		A5779C2F1FB608A400DB9DAD /* ChaosToken.swift in Sources */ = {isa = PBXBuildFile; fileRef = A5779C2D1FB606E100DB9DAD /* ChaosToken.swift */; };
		A5779C301FB608A700DB9DAD /* ChaosBagDifficulty.swift in Sources */ = {isa = PBXBuildFile; fileRef = A5779C2B1FB603F000DB9DAD /* ChaosBagDifficulty.swift */; };
		A5779C321FB60B6800DB9DAD /* ChaosBagDatabase.swift in Sources */ = {isa = PBXBuildFile; fileRef = A5779C311FB60B6800DB9DAD /* ChaosBagDatabase.swift */; };
		A5779C331FB60C1400DB9DAD /* ChaosBagDatabase.swift in Sources */ = {isa = PBXBuildFile; fileRef = A5779C311FB60B6800DB9DAD /* ChaosBagDatabase.swift */; };
		A5779C391FB60DA700DB9DAD /* ChaosBagDatabaseMigrator.swift in Sources */ = {isa = PBXBuildFile; fileRef = A5779C381FB60DA700DB9DAD /* ChaosBagDatabaseMigrator.swift */; };
		A5779C3A1FB60DA700DB9DAD /* ChaosBagDatabaseMigrator.swift in Sources */ = {isa = PBXBuildFile; fileRef = A5779C381FB60DA700DB9DAD /* ChaosBagDatabaseMigrator.swift */; };
		A5779C3C1FB6120A00DB9DAD /* ScenarioChaosBagRecord.swift in Sources */ = {isa = PBXBuildFile; fileRef = A5779C3B1FB6120A00DB9DAD /* ScenarioChaosBagRecord.swift */; };
		A5779C3D1FB6120A00DB9DAD /* ScenarioChaosBagRecord.swift in Sources */ = {isa = PBXBuildFile; fileRef = A5779C3B1FB6120A00DB9DAD /* ScenarioChaosBagRecord.swift */; };
		A57E8EE41FAE6926008942B0 /* DeckCardRecord.swift in Sources */ = {isa = PBXBuildFile; fileRef = A57E8EE31FAE6926008942B0 /* DeckCardRecord.swift */; };
		A57E8EE51FAE6926008942B0 /* DeckCardRecord.swift in Sources */ = {isa = PBXBuildFile; fileRef = A57E8EE31FAE6926008942B0 /* DeckCardRecord.swift */; };
		A57FFB431FB5FE7500B16FE6 /* CampaignRecord.swift in Sources */ = {isa = PBXBuildFile; fileRef = A57FFB421FB5FE7500B16FE6 /* CampaignRecord.swift */; };
		A57FFB441FB5FE7500B16FE6 /* CampaignRecord.swift in Sources */ = {isa = PBXBuildFile; fileRef = A57FFB421FB5FE7500B16FE6 /* CampaignRecord.swift */; };
		A57FFB461FB5FE7F00B16FE6 /* ScenarioRecord.swift in Sources */ = {isa = PBXBuildFile; fileRef = A57FFB451FB5FE7F00B16FE6 /* ScenarioRecord.swift */; };
		A57FFB471FB5FE7F00B16FE6 /* ScenarioRecord.swift in Sources */ = {isa = PBXBuildFile; fileRef = A57FFB451FB5FE7F00B16FE6 /* ScenarioRecord.swift */; };
		A57FFB491FB5FE8B00B16FE6 /* ChaosBagRecord.swift in Sources */ = {isa = PBXBuildFile; fileRef = A57FFB481FB5FE8B00B16FE6 /* ChaosBagRecord.swift */; };
		A57FFB4A1FB5FE8B00B16FE6 /* ChaosBagRecord.swift in Sources */ = {isa = PBXBuildFile; fileRef = A57FFB481FB5FE8B00B16FE6 /* ChaosBagRecord.swift */; };
		A5837B671FCF3E440062FBFA /* TraitRecord.swift in Sources */ = {isa = PBXBuildFile; fileRef = A5837B661FCF3E440062FBFA /* TraitRecord.swift */; };
		A5837B681FCF3F6A0062FBFA /* TraitRecord.swift in Sources */ = {isa = PBXBuildFile; fileRef = A5837B661FCF3E440062FBFA /* TraitRecord.swift */; };
		A5837B6A1FCF40040062FBFA /* CardTraitRecord.swift in Sources */ = {isa = PBXBuildFile; fileRef = A5837B691FCF40040062FBFA /* CardTraitRecord.swift */; };
		A5837B6B1FCF40040062FBFA /* CardTraitRecord.swift in Sources */ = {isa = PBXBuildFile; fileRef = A5837B691FCF40040062FBFA /* CardTraitRecord.swift */; };
		A5837B6D1FCF411D0062FBFA /* CardTraitsTests.swift in Sources */ = {isa = PBXBuildFile; fileRef = A5837B6C1FCF411D0062FBFA /* CardTraitsTests.swift */; };
		A5837B6E1FCF411D0062FBFA /* CardTraitsTests.swift in Sources */ = {isa = PBXBuildFile; fileRef = A5837B6C1FCF411D0062FBFA /* CardTraitsTests.swift */; };
		A5837B7F1FD096F40062FBFA /* CardFiltersTests.swift in Sources */ = {isa = PBXBuildFile; fileRef = A5837B7E1FD096F40062FBFA /* CardFiltersTests.swift */; };
		A5837B801FD096F40062FBFA /* CardFiltersTests.swift in Sources */ = {isa = PBXBuildFile; fileRef = A5837B7E1FD096F40062FBFA /* CardFiltersTests.swift */; };
		A5837B821FD0B77A0062FBFA /* CreateDatabaseInDocumentsTests.swift in Sources */ = {isa = PBXBuildFile; fileRef = A5837B811FD0B77A0062FBFA /* CreateDatabaseInDocumentsTests.swift */; };
		A5837B831FD0B77A0062FBFA /* CreateDatabaseInDocumentsTests.swift in Sources */ = {isa = PBXBuildFile; fileRef = A5837B811FD0B77A0062FBFA /* CreateDatabaseInDocumentsTests.swift */; };
		A59CA8342066DC54006A83E6 /* FavoriteCard.swift in Sources */ = {isa = PBXBuildFile; fileRef = A59CA8332066DC54006A83E6 /* FavoriteCard.swift */; };
		A59CA8352066DC54006A83E6 /* FavoriteCard.swift in Sources */ = {isa = PBXBuildFile; fileRef = A59CA8332066DC54006A83E6 /* FavoriteCard.swift */; };
		A59E56BD2011596E00362558 /* DatabaseServer.swift in Sources */ = {isa = PBXBuildFile; fileRef = A59E56BC2011596E00362558 /* DatabaseServer.swift */; };
		A59E56BE2011596E00362558 /* DatabaseServer.swift in Sources */ = {isa = PBXBuildFile; fileRef = A59E56BC2011596E00362558 /* DatabaseServer.swift */; };
		A59E56C020116D1B00362558 /* DatabaseServerTests.swift in Sources */ = {isa = PBXBuildFile; fileRef = A59E56BF20116D1B00362558 /* DatabaseServerTests.swift */; };
		A59E56C120116D1B00362558 /* DatabaseServerTests.swift in Sources */ = {isa = PBXBuildFile; fileRef = A59E56BF20116D1B00362558 /* DatabaseServerTests.swift */; };
		A59E56C3201210D200362558 /* DeckStoreTests.swift in Sources */ = {isa = PBXBuildFile; fileRef = A59E56C2201210D200362558 /* DeckStoreTests.swift */; };
		A59E56C4201210D200362558 /* DeckStoreTests.swift in Sources */ = {isa = PBXBuildFile; fileRef = A59E56C2201210D200362558 /* DeckStoreTests.swift */; };
		A59FCA511FB71B2F00DF4994 /* chaos_bags.json in Resources */ = {isa = PBXBuildFile; fileRef = A5D8B7291FB64A6800DAC40F /* chaos_bags.json */; };
		A59FCA521FB71B3000DF4994 /* chaos_bags.json in Resources */ = {isa = PBXBuildFile; fileRef = A5D8B7291FB64A6800DAC40F /* chaos_bags.json */; };
		A5BCA7AA1FA24C33001E6817 /* CardTestSkillIcon.swift in Sources */ = {isa = PBXBuildFile; fileRef = A5BCA7A91FA24C33001E6817 /* CardTestSkillIcon.swift */; };
		A5BCA7B01FA24C74001E6817 /* CardTestSkillIcon.swift in Sources */ = {isa = PBXBuildFile; fileRef = A5BCA7A91FA24C33001E6817 /* CardTestSkillIcon.swift */; };
		A5BCA7B21FA24CE1001E6817 /* CardFilter.swift in Sources */ = {isa = PBXBuildFile; fileRef = A5BCA7B11FA24CE1001E6817 /* CardFilter.swift */; };
		A5BCA7B31FA24CF3001E6817 /* CardFilter.swift in Sources */ = {isa = PBXBuildFile; fileRef = A5BCA7B11FA24CE1001E6817 /* CardFilter.swift */; };
		A5BCA80D1FA282EF001E6817 /* DeckRecord.swift in Sources */ = {isa = PBXBuildFile; fileRef = A5BCA80C1FA282EF001E6817 /* DeckRecord.swift */; };
		A5BCA80E1FA282EF001E6817 /* DeckRecord.swift in Sources */ = {isa = PBXBuildFile; fileRef = A5BCA80C1FA282EF001E6817 /* DeckRecord.swift */; };
		A5C6040A1FD860730016F538 /* 01043.jpeg in Resources */ = {isa = PBXBuildFile; fileRef = A5C604091FD860730016F538 /* 01043.jpeg */; };
		A5C6040B1FD860730016F538 /* 01043.jpeg in Resources */ = {isa = PBXBuildFile; fileRef = A5C604091FD860730016F538 /* 01043.jpeg */; };
		A5C6D02620101DC6002EDE2F /* GeneralInfo.swift in Sources */ = {isa = PBXBuildFile; fileRef = A5C6D02520101DC6002EDE2F /* GeneralInfo.swift */; };
		A5C6D02720101DC6002EDE2F /* GeneralInfo.swift in Sources */ = {isa = PBXBuildFile; fileRef = A5C6D02520101DC6002EDE2F /* GeneralInfo.swift */; };
		A5D61FEE20337BF1004DAABC /* DeckSortingDescriptor.swift in Sources */ = {isa = PBXBuildFile; fileRef = A557A7E91FB0E65E007B9D6F /* DeckSortingDescriptor.swift */; };
		A5D8B7221FB619C200DAC40F /* ChaosBagDatabaseTests.swift in Sources */ = {isa = PBXBuildFile; fileRef = A5D8B7211FB619C200DAC40F /* ChaosBagDatabaseTests.swift */; };
		A5D8B7231FB624FB00DAC40F /* ChaosBagDatabaseTests.swift in Sources */ = {isa = PBXBuildFile; fileRef = A5D8B7211FB619C200DAC40F /* ChaosBagDatabaseTests.swift */; };
		A5D8B7271FB6337300DAC40F /* TableInfoRecord.swift in Sources */ = {isa = PBXBuildFile; fileRef = A5D8B7241FB6317000DAC40F /* TableInfoRecord.swift */; };
		A5D8B7281FB6337300DAC40F /* TableInfoRecord.swift in Sources */ = {isa = PBXBuildFile; fileRef = A5D8B7241FB6317000DAC40F /* TableInfoRecord.swift */; };
		A5D8B72B1FB64B1E00DAC40F /* Campaign.swift in Sources */ = {isa = PBXBuildFile; fileRef = A5D8B72A1FB64B1E00DAC40F /* Campaign.swift */; };
		A5D8B72C1FB64B1E00DAC40F /* Campaign.swift in Sources */ = {isa = PBXBuildFile; fileRef = A5D8B72A1FB64B1E00DAC40F /* Campaign.swift */; };
		A5D8B72E1FB64B3000DAC40F /* Scenario.swift in Sources */ = {isa = PBXBuildFile; fileRef = A5D8B72D1FB64B3000DAC40F /* Scenario.swift */; };
		A5D8B72F1FB64B3000DAC40F /* Scenario.swift in Sources */ = {isa = PBXBuildFile; fileRef = A5D8B72D1FB64B3000DAC40F /* Scenario.swift */; };
		A5D8B7311FB64B3B00DAC40F /* ChaosBag.swift in Sources */ = {isa = PBXBuildFile; fileRef = A5D8B7301FB64B3B00DAC40F /* ChaosBag.swift */; };
		A5D8B7321FB64B3B00DAC40F /* ChaosBag.swift in Sources */ = {isa = PBXBuildFile; fileRef = A5D8B7301FB64B3B00DAC40F /* ChaosBag.swift */; };
		A5DA6A5D1FA23B2900457F27 /* ArkhamHorrorKit.framework in Frameworks */ = {isa = PBXBuildFile; fileRef = A5DA6A531FA23B2900457F27 /* ArkhamHorrorKit.framework */; };
		A5DA6A641FA23B2900457F27 /* ArkhamHorrorKit.h in Headers */ = {isa = PBXBuildFile; fileRef = A5DA6A561FA23B2900457F27 /* ArkhamHorrorKit.h */; settings = {ATTRIBUTES = (Public, ); }; };
		A5DA6A7B1FA23C4C00457F27 /* ArkhamHorrorKit.framework in Frameworks */ = {isa = PBXBuildFile; fileRef = A5DA6A721FA23C4B00457F27 /* ArkhamHorrorKit.framework */; };
		A5DA6A891FA23D4F00457F27 /* ArkhamHorrorKit.h in Headers */ = {isa = PBXBuildFile; fileRef = A5DA6A561FA23B2900457F27 /* ArkhamHorrorKit.h */; settings = {ATTRIBUTES = (Public, ); }; };
		A5DA6A9C1FA244C300457F27 /* Card.swift in Sources */ = {isa = PBXBuildFile; fileRef = A5DA6A981FA2441A00457F27 /* Card.swift */; };
		A5DA6A9D1FA244C300457F27 /* CardAssetSlot.swift in Sources */ = {isa = PBXBuildFile; fileRef = A5DA6A931FA2441A00457F27 /* CardAssetSlot.swift */; };
		A5DA6A9E1FA244C300457F27 /* CardCycle.swift in Sources */ = {isa = PBXBuildFile; fileRef = A5DA6A941FA2441A00457F27 /* CardCycle.swift */; };
		A5DA6A9F1FA244C300457F27 /* CardFaction.swift in Sources */ = {isa = PBXBuildFile; fileRef = A5DA6A8D1FA2441A00457F27 /* CardFaction.swift */; };
		A5DA6AA11FA244C300457F27 /* CardPack.swift in Sources */ = {isa = PBXBuildFile; fileRef = A5DA6A8E1FA2441A00457F27 /* CardPack.swift */; };
		A5DA6AA21FA244C300457F27 /* CardsSortingDescriptor.swift in Sources */ = {isa = PBXBuildFile; fileRef = A5DA6A991FA2441B00457F27 /* CardsSortingDescriptor.swift */; };
		A5DA6AA31FA244C300457F27 /* CardSubtype.swift in Sources */ = {isa = PBXBuildFile; fileRef = A5DA6A961FA2441A00457F27 /* CardSubtype.swift */; };
		A5DA6AA51FA244C300457F27 /* CardType.swift in Sources */ = {isa = PBXBuildFile; fileRef = A5DA6A921FA2441A00457F27 /* CardType.swift */; };
		A5DA6AA61FA244C300457F27 /* Deck.swift in Sources */ = {isa = PBXBuildFile; fileRef = A5DA6A901FA2441A00457F27 /* Deck.swift */; };
		A5DA6AA71FA244C300457F27 /* DeckCard.swift in Sources */ = {isa = PBXBuildFile; fileRef = A5DA6A911FA2441A00457F27 /* DeckCard.swift */; };
		A5DA6AA81FA244C300457F27 /* DeckStats.swift in Sources */ = {isa = PBXBuildFile; fileRef = A5DA6A971FA2441A00457F27 /* DeckStats.swift */; };
		A5DA6AAB1FA244C300457F27 /* Investigator.swift in Sources */ = {isa = PBXBuildFile; fileRef = A5DA6A8C1FA2441A00457F27 /* Investigator.swift */; };
		A5DA6AAC1FA244C400457F27 /* Card.swift in Sources */ = {isa = PBXBuildFile; fileRef = A5DA6A981FA2441A00457F27 /* Card.swift */; };
		A5DA6AAD1FA244C400457F27 /* CardAssetSlot.swift in Sources */ = {isa = PBXBuildFile; fileRef = A5DA6A931FA2441A00457F27 /* CardAssetSlot.swift */; };
		A5DA6AAE1FA244C400457F27 /* CardCycle.swift in Sources */ = {isa = PBXBuildFile; fileRef = A5DA6A941FA2441A00457F27 /* CardCycle.swift */; };
		A5DA6AAF1FA244C400457F27 /* CardFaction.swift in Sources */ = {isa = PBXBuildFile; fileRef = A5DA6A8D1FA2441A00457F27 /* CardFaction.swift */; };
		A5DA6AB11FA244C400457F27 /* CardPack.swift in Sources */ = {isa = PBXBuildFile; fileRef = A5DA6A8E1FA2441A00457F27 /* CardPack.swift */; };
		A5DA6AB21FA244C400457F27 /* CardsSortingDescriptor.swift in Sources */ = {isa = PBXBuildFile; fileRef = A5DA6A991FA2441B00457F27 /* CardsSortingDescriptor.swift */; };
		A5DA6AB31FA244C400457F27 /* CardSubtype.swift in Sources */ = {isa = PBXBuildFile; fileRef = A5DA6A961FA2441A00457F27 /* CardSubtype.swift */; };
		A5DA6AB51FA244C400457F27 /* CardType.swift in Sources */ = {isa = PBXBuildFile; fileRef = A5DA6A921FA2441A00457F27 /* CardType.swift */; };
		A5DA6AB61FA244C400457F27 /* Deck.swift in Sources */ = {isa = PBXBuildFile; fileRef = A5DA6A901FA2441A00457F27 /* Deck.swift */; };
		A5DA6AB71FA244C400457F27 /* DeckCard.swift in Sources */ = {isa = PBXBuildFile; fileRef = A5DA6A911FA2441A00457F27 /* DeckCard.swift */; };
		A5DA6AB81FA244C400457F27 /* DeckStats.swift in Sources */ = {isa = PBXBuildFile; fileRef = A5DA6A971FA2441A00457F27 /* DeckStats.swift */; };
		A5DA6ABB1FA244C400457F27 /* Investigator.swift in Sources */ = {isa = PBXBuildFile; fileRef = A5DA6A8C1FA2441A00457F27 /* Investigator.swift */; };
		A5DA6AC11FA2461300457F27 /* CardRecord.swift in Sources */ = {isa = PBXBuildFile; fileRef = A5DA6ABD1FA2460B00457F27 /* CardRecord.swift */; };
		A5DA6AC21FA2461300457F27 /* InvestigatorRecord.swift in Sources */ = {isa = PBXBuildFile; fileRef = A5DA6AC01FA2460C00457F27 /* InvestigatorRecord.swift */; };
		A5DA6AC31FA2461300457F27 /* CardCycleRecord.swift in Sources */ = {isa = PBXBuildFile; fileRef = A5DA6ABF1FA2460B00457F27 /* CardCycleRecord.swift */; };
		A5DA6AC41FA2461300457F27 /* CardPackRecord.swift in Sources */ = {isa = PBXBuildFile; fileRef = A5DA6ABE1FA2460B00457F27 /* CardPackRecord.swift */; };
		A5DA6AC51FA2461300457F27 /* CardRecord.swift in Sources */ = {isa = PBXBuildFile; fileRef = A5DA6ABD1FA2460B00457F27 /* CardRecord.swift */; };
		A5DA6AC61FA2461300457F27 /* InvestigatorRecord.swift in Sources */ = {isa = PBXBuildFile; fileRef = A5DA6AC01FA2460C00457F27 /* InvestigatorRecord.swift */; };
		A5DA6AC71FA2461300457F27 /* CardCycleRecord.swift in Sources */ = {isa = PBXBuildFile; fileRef = A5DA6ABF1FA2460B00457F27 /* CardCycleRecord.swift */; };
		A5DA6AC81FA2461300457F27 /* CardPackRecord.swift in Sources */ = {isa = PBXBuildFile; fileRef = A5DA6ABE1FA2460B00457F27 /* CardPackRecord.swift */; };
		A5DA6ACA1FA2468900457F27 /* FileChecksumRecord.swift in Sources */ = {isa = PBXBuildFile; fileRef = A5DA6AC91FA2468900457F27 /* FileChecksumRecord.swift */; };
		A5DA6ACB1FA2468900457F27 /* FileChecksumRecord.swift in Sources */ = {isa = PBXBuildFile; fileRef = A5DA6AC91FA2468900457F27 /* FileChecksumRecord.swift */; };
		A5DA6AD11FA246DC00457F27 /* AHDatabase.swift in Sources */ = {isa = PBXBuildFile; fileRef = A5DA6ACD1FA246C000457F27 /* AHDatabase.swift */; };
		A5DA6AD21FA246DC00457F27 /* AHDatabaseMigrator.swift in Sources */ = {isa = PBXBuildFile; fileRef = A5DA6AD01FA246C000457F27 /* AHDatabaseMigrator.swift */; };
		A5DA6AD31FA246DC00457F27 /* CardsStore.swift in Sources */ = {isa = PBXBuildFile; fileRef = A5DA6ACF1FA246C000457F27 /* CardsStore.swift */; };
		A5DA6AD41FA246DC00457F27 /* DeckStore.swift in Sources */ = {isa = PBXBuildFile; fileRef = A5DA6ACE1FA246C000457F27 /* DeckStore.swift */; };
		A5DA6AD51FA246DD00457F27 /* AHDatabase.swift in Sources */ = {isa = PBXBuildFile; fileRef = A5DA6ACD1FA246C000457F27 /* AHDatabase.swift */; };
		A5DA6AD61FA246DD00457F27 /* AHDatabaseMigrator.swift in Sources */ = {isa = PBXBuildFile; fileRef = A5DA6AD01FA246C000457F27 /* AHDatabaseMigrator.swift */; };
		A5DA6AD71FA246DD00457F27 /* CardsStore.swift in Sources */ = {isa = PBXBuildFile; fileRef = A5DA6ACF1FA246C000457F27 /* CardsStore.swift */; };
		A5DA6AD81FA246DD00457F27 /* DeckStore.swift in Sources */ = {isa = PBXBuildFile; fileRef = A5DA6ACE1FA246C000457F27 /* DeckStore.swift */; };
		A5F8205F2063C46B00A0B31C /* CardRecordV2.swift in Sources */ = {isa = PBXBuildFile; fileRef = A5F8205E2063C46B00A0B31C /* CardRecordV2.swift */; };
		A5F820602063C46B00A0B31C /* CardRecordV2.swift in Sources */ = {isa = PBXBuildFile; fileRef = A5F8205E2063C46B00A0B31C /* CardRecordV2.swift */; };
		A5F820622063F78B00A0B31C /* bota_encounterV2.json in Resources */ = {isa = PBXBuildFile; fileRef = A5F820612063F78B00A0B31C /* bota_encounterV2.json */; };
		A5F820632063F78B00A0B31C /* bota_encounterV2.json in Resources */ = {isa = PBXBuildFile; fileRef = A5F820612063F78B00A0B31C /* bota_encounterV2.json */; };
/* End PBXBuildFile section */

/* Begin PBXContainerItemProxy section */
		A5DA6A5E1FA23B2900457F27 /* PBXContainerItemProxy */ = {
			isa = PBXContainerItemProxy;
			containerPortal = A5DA6A4A1FA23B2900457F27 /* Project object */;
			proxyType = 1;
			remoteGlobalIDString = A5DA6A521FA23B2900457F27;
			remoteInfo = "ArkhamHorrorKit iOS";
		};
		A5DA6A7C1FA23C4C00457F27 /* PBXContainerItemProxy */ = {
			isa = PBXContainerItemProxy;
			containerPortal = A5DA6A4A1FA23B2900457F27 /* Project object */;
			proxyType = 1;
			remoteGlobalIDString = A5DA6A711FA23C4B00457F27;
			remoteInfo = "ArkhamHorrorKit macOS";
		};
/* End PBXContainerItemProxy section */

/* Begin PBXFileReference section */
		403E4BC94DA27F9ABA0AD54D /* Pods-ArkhamHorrorKit iOS.debug.xcconfig */ = {isa = PBXFileReference; includeInIndex = 1; lastKnownFileType = text.xcconfig; name = "Pods-ArkhamHorrorKit iOS.debug.xcconfig"; path = "Pods/Target Support Files/Pods-ArkhamHorrorKit iOS/Pods-ArkhamHorrorKit iOS.debug.xcconfig"; sourceTree = "<group>"; };
		5746127878EF0FE645682EAC /* Pods-ArkhamHorrorKit macOS.debug.xcconfig */ = {isa = PBXFileReference; includeInIndex = 1; lastKnownFileType = text.xcconfig; name = "Pods-ArkhamHorrorKit macOS.debug.xcconfig"; path = "Pods/Target Support Files/Pods-ArkhamHorrorKit macOS/Pods-ArkhamHorrorKit macOS.debug.xcconfig"; sourceTree = "<group>"; };
		6F508E71D6325C8E474FB55A /* Pods_ArkhamHorrorKit_macOS.framework */ = {isa = PBXFileReference; explicitFileType = wrapper.framework; includeInIndex = 0; path = Pods_ArkhamHorrorKit_macOS.framework; sourceTree = BUILT_PRODUCTS_DIR; };
		739703D8630EB59C132EF167 /* Pods-ArkhamHorrorKit macOS.release.xcconfig */ = {isa = PBXFileReference; includeInIndex = 1; lastKnownFileType = text.xcconfig; name = "Pods-ArkhamHorrorKit macOS.release.xcconfig"; path = "Pods/Target Support Files/Pods-ArkhamHorrorKit macOS/Pods-ArkhamHorrorKit macOS.release.xcconfig"; sourceTree = "<group>"; };
		78E4E9C345DA3BC51A624F4C /* Pods-ArkhamHorrorKit macOSTests.release.xcconfig */ = {isa = PBXFileReference; includeInIndex = 1; lastKnownFileType = text.xcconfig; name = "Pods-ArkhamHorrorKit macOSTests.release.xcconfig"; path = "Pods/Target Support Files/Pods-ArkhamHorrorKit macOSTests/Pods-ArkhamHorrorKit macOSTests.release.xcconfig"; sourceTree = "<group>"; };
		7F04466D3EFBF00B2C7700C6 /* Pods_ArkhamHorrorKit_iOSTests.framework */ = {isa = PBXFileReference; explicitFileType = wrapper.framework; includeInIndex = 0; path = Pods_ArkhamHorrorKit_iOSTests.framework; sourceTree = BUILT_PRODUCTS_DIR; };
		89C8B2EF27B1090F77CDBCD6 /* Pods-ArkhamHorrorKit iOS.release.xcconfig */ = {isa = PBXFileReference; includeInIndex = 1; lastKnownFileType = text.xcconfig; name = "Pods-ArkhamHorrorKit iOS.release.xcconfig"; path = "Pods/Target Support Files/Pods-ArkhamHorrorKit iOS/Pods-ArkhamHorrorKit iOS.release.xcconfig"; sourceTree = "<group>"; };
		92398109576434EC7D204ACE /* Pods-ArkhamHorrorKit iOSTests.debug.xcconfig */ = {isa = PBXFileReference; includeInIndex = 1; lastKnownFileType = text.xcconfig; name = "Pods-ArkhamHorrorKit iOSTests.debug.xcconfig"; path = "Pods/Target Support Files/Pods-ArkhamHorrorKit iOSTests/Pods-ArkhamHorrorKit iOSTests.debug.xcconfig"; sourceTree = "<group>"; };
		972F31D02760183140847776 /* Pods-ArkhamHorrorKit iOSTests.release.xcconfig */ = {isa = PBXFileReference; includeInIndex = 1; lastKnownFileType = text.xcconfig; name = "Pods-ArkhamHorrorKit iOSTests.release.xcconfig"; path = "Pods/Target Support Files/Pods-ArkhamHorrorKit iOSTests/Pods-ArkhamHorrorKit iOSTests.release.xcconfig"; sourceTree = "<group>"; };
		A214A815668A3EB391B6A12D /* Pods-ArkhamHorrorKit macOSTests.debug.xcconfig */ = {isa = PBXFileReference; includeInIndex = 1; lastKnownFileType = text.xcconfig; name = "Pods-ArkhamHorrorKit macOSTests.debug.xcconfig"; path = "Pods/Target Support Files/Pods-ArkhamHorrorKit macOSTests/Pods-ArkhamHorrorKit macOSTests.debug.xcconfig"; sourceTree = "<group>"; };
		A508E3F8200FA0BB00067885 /* FileChecksum.swift */ = {isa = PBXFileReference; lastKnownFileType = sourcecode.swift; path = FileChecksum.swift; sourceTree = "<group>"; };
		A508E3FB200FB1E100067885 /* JSONLoader.swift */ = {isa = PBXFileReference; lastKnownFileType = sourcecode.swift; path = JSONLoader.swift; sourceTree = "<group>"; };
		A51A261E1FAE7AFA004C6ED1 /* Images.xcassets */ = {isa = PBXFileReference; lastKnownFileType = folder.assetcatalog; path = Images.xcassets; sourceTree = "<group>"; };
		A51A264D1FAF323F004C6ED1 /* DatabaseMigrationsTests.swift */ = {isa = PBXFileReference; lastKnownFileType = sourcecode.swift; path = DatabaseMigrationsTests.swift; sourceTree = "<group>"; };
		A51A264E1FAF323F004C6ED1 /* DatabaseTestsHelper.swift */ = {isa = PBXFileReference; lastKnownFileType = sourcecode.swift; path = DatabaseTestsHelper.swift; sourceTree = "<group>"; };
		A51A26551FAF3467004C6ED1 /* ptc.json */ = {isa = PBXFileReference; lastKnownFileType = text.json; path = ptc.json; sourceTree = "<group>"; };
		A51A26561FAF3467004C6ED1 /* litas.json */ = {isa = PBXFileReference; lastKnownFileType = text.json; path = litas.json; sourceTree = "<group>"; };
		A51A26571FAF3467004C6ED1 /* promo.json */ = {isa = PBXFileReference; lastKnownFileType = text.json; path = promo.json; sourceTree = "<group>"; };
		A51A26581FAF3467004C6ED1 /* uau.json */ = {isa = PBXFileReference; lastKnownFileType = text.json; path = uau.json; sourceTree = "<group>"; };
		A51A26591FAF3467004C6ED1 /* wda.json */ = {isa = PBXFileReference; lastKnownFileType = text.json; path = wda.json; sourceTree = "<group>"; };
		A51A265A1FAF3467004C6ED1 /* bota.json */ = {isa = PBXFileReference; lastKnownFileType = text.json; path = bota.json; sourceTree = "<group>"; };
		A51A265B1FAF3467004C6ED1 /* tuo.json */ = {isa = PBXFileReference; lastKnownFileType = text.json; path = tuo.json; sourceTree = "<group>"; };
		A51A265C1FAF3467004C6ED1 /* tece.json */ = {isa = PBXFileReference; lastKnownFileType = text.json; path = tece.json; sourceTree = "<group>"; };
		A51A265E1FAF3467004C6ED1 /* eotp.json */ = {isa = PBXFileReference; lastKnownFileType = text.json; path = eotp.json; sourceTree = "<group>"; };
		A51A26601FAF3468004C6ED1 /* tmm.json */ = {isa = PBXFileReference; lastKnownFileType = text.json; path = tmm.json; sourceTree = "<group>"; };
		A51A26611FAF3468004C6ED1 /* schema_v1.sql */ = {isa = PBXFileReference; lastKnownFileType = text; path = schema_v1.sql; sourceTree = "<group>"; };
		A51A26621FAF3468004C6ED1 /* dwl.json */ = {isa = PBXFileReference; lastKnownFileType = text.json; path = dwl.json; sourceTree = "<group>"; };
		A51A26631FAF3468004C6ED1 /* core.json */ = {isa = PBXFileReference; lastKnownFileType = text.json; path = core.json; sourceTree = "<group>"; };
		A51DBA411FDEF86500B247A4 /* Helpers.swift */ = {isa = PBXFileReference; lastKnownFileType = sourcecode.swift; path = Helpers.swift; sourceTree = "<group>"; };
		A52F52021FAFC12900CEFA18 /* Podfile */ = {isa = PBXFileReference; lastKnownFileType = text; path = Podfile; sourceTree = SOURCE_ROOT; xcLanguageSpecificationIdentifier = xcode.lang.ruby; };
		A52F52041FAFC39C00CEFA18 /* LICENSE */ = {isa = PBXFileReference; lastKnownFileType = text; path = LICENSE; sourceTree = SOURCE_ROOT; };
		A52F52051FAFC3BC00CEFA18 /* ArkhamHorrorKit.podspec */ = {isa = PBXFileReference; lastKnownFileType = text; path = ArkhamHorrorKit.podspec; sourceTree = SOURCE_ROOT; };
		A53E36CC1FCC97A20002F85A /* cycles.json */ = {isa = PBXFileReference; fileEncoding = 4; lastKnownFileType = text.json; path = cycles.json; sourceTree = "<group>"; };
		A53E36CD1FCC97A20002F85A /* packs.json */ = {isa = PBXFileReference; fileEncoding = 4; lastKnownFileType = text.json; path = packs.json; sourceTree = "<group>"; };
		A53E36DE1FCCACFE0002F85A /* eotpV1.json */ = {isa = PBXFileReference; fileEncoding = 4; lastKnownFileType = text.json; path = eotpV1.json; sourceTree = "<group>"; };
		A53E370D1FCDBA080002F85A /* CardFTSRecord.swift */ = {isa = PBXFileReference; lastKnownFileType = sourcecode.swift; path = CardFTSRecord.swift; sourceTree = "<group>"; };
		A557A7E61FB0E63A007B9D6F /* DeckFilter.swift */ = {isa = PBXFileReference; lastKnownFileType = sourcecode.swift; path = DeckFilter.swift; sourceTree = "<group>"; };
		A557A7E91FB0E65E007B9D6F /* DeckSortingDescriptor.swift */ = {isa = PBXFileReference; lastKnownFileType = sourcecode.swift; path = DeckSortingDescriptor.swift; sourceTree = "<group>"; };
		A55DEB381FCA3D5700141FED /* CardImageStore.swift */ = {isa = PBXFileReference; lastKnownFileType = sourcecode.swift; path = CardImageStore.swift; sourceTree = "<group>"; };
		A55DEB3B1FCA4A7500141FED /* CardImageStoreTests.swift */ = {isa = PBXFileReference; lastKnownFileType = sourcecode.swift; path = CardImageStoreTests.swift; sourceTree = "<group>"; };
		A563C36F1FB11D670060FE8C /* CardStoreTests.swift */ = {isa = PBXFileReference; lastKnownFileType = sourcecode.swift; path = CardStoreTests.swift; sourceTree = "<group>"; };
		A5653BFF1FB1FC5600862AC1 /* base_core_updated.json */ = {isa = PBXFileReference; lastKnownFileType = text.json; path = base_core_updated.json; sourceTree = "<group>"; };
		A5653C021FB1FCDE00862AC1 /* AHDatabaseTests.swift */ = {isa = PBXFileReference; lastKnownFileType = sourcecode.swift; path = AHDatabaseTests.swift; sourceTree = "<group>"; };
		A5653C071FB2037600862AC1 /* packs_update.json */ = {isa = PBXFileReference; lastKnownFileType = text.json; path = packs_update.json; sourceTree = "<group>"; };
		A5653C0B1FB20A1100862AC1 /* cyclesV1.json */ = {isa = PBXFileReference; lastKnownFileType = text.json; path = cyclesV1.json; sourceTree = "<group>"; };
		A5653C0C1FB20A1100862AC1 /* packsV1.json */ = {isa = PBXFileReference; lastKnownFileType = text.json; path = packsV1.json; sourceTree = "<group>"; };
		A5653C161FB2174000862AC1 /* non_card_file.json */ = {isa = PBXFileReference; lastKnownFileType = text.json; path = non_card_file.json; sourceTree = "<group>"; };
		A5779C2B1FB603F000DB9DAD /* ChaosBagDifficulty.swift */ = {isa = PBXFileReference; lastKnownFileType = sourcecode.swift; path = ChaosBagDifficulty.swift; sourceTree = "<group>"; };
		A5779C2D1FB606E100DB9DAD /* ChaosToken.swift */ = {isa = PBXFileReference; lastKnownFileType = sourcecode.swift; path = ChaosToken.swift; sourceTree = "<group>"; };
		A5779C311FB60B6800DB9DAD /* ChaosBagDatabase.swift */ = {isa = PBXFileReference; lastKnownFileType = sourcecode.swift; path = ChaosBagDatabase.swift; sourceTree = "<group>"; };
		A5779C381FB60DA700DB9DAD /* ChaosBagDatabaseMigrator.swift */ = {isa = PBXFileReference; lastKnownFileType = sourcecode.swift; path = ChaosBagDatabaseMigrator.swift; sourceTree = "<group>"; };
		A5779C3B1FB6120A00DB9DAD /* ScenarioChaosBagRecord.swift */ = {isa = PBXFileReference; lastKnownFileType = sourcecode.swift; path = ScenarioChaosBagRecord.swift; sourceTree = "<group>"; };
		A57E8EE31FAE6926008942B0 /* DeckCardRecord.swift */ = {isa = PBXFileReference; lastKnownFileType = sourcecode.swift; path = DeckCardRecord.swift; sourceTree = "<group>"; };
		A57FFB421FB5FE7500B16FE6 /* CampaignRecord.swift */ = {isa = PBXFileReference; lastKnownFileType = sourcecode.swift; path = CampaignRecord.swift; sourceTree = "<group>"; };
		A57FFB451FB5FE7F00B16FE6 /* ScenarioRecord.swift */ = {isa = PBXFileReference; lastKnownFileType = sourcecode.swift; name = ScenarioRecord.swift; path = "../Cards Database/ScenarioRecord.swift"; sourceTree = "<group>"; };
		A57FFB481FB5FE8B00B16FE6 /* ChaosBagRecord.swift */ = {isa = PBXFileReference; lastKnownFileType = sourcecode.swift; name = ChaosBagRecord.swift; path = "../Cards Database/ChaosBagRecord.swift"; sourceTree = "<group>"; };
		A5837B661FCF3E440062FBFA /* TraitRecord.swift */ = {isa = PBXFileReference; lastKnownFileType = sourcecode.swift; path = TraitRecord.swift; sourceTree = "<group>"; };
		A5837B691FCF40040062FBFA /* CardTraitRecord.swift */ = {isa = PBXFileReference; lastKnownFileType = sourcecode.swift; path = CardTraitRecord.swift; sourceTree = "<group>"; };
		A5837B6C1FCF411D0062FBFA /* CardTraitsTests.swift */ = {isa = PBXFileReference; lastKnownFileType = sourcecode.swift; path = CardTraitsTests.swift; sourceTree = "<group>"; };
		A5837B7E1FD096F40062FBFA /* CardFiltersTests.swift */ = {isa = PBXFileReference; lastKnownFileType = sourcecode.swift; path = CardFiltersTests.swift; sourceTree = "<group>"; };
		A5837B811FD0B77A0062FBFA /* CreateDatabaseInDocumentsTests.swift */ = {isa = PBXFileReference; lastKnownFileType = sourcecode.swift; path = CreateDatabaseInDocumentsTests.swift; sourceTree = "<group>"; };
		A59CA8332066DC54006A83E6 /* FavoriteCard.swift */ = {isa = PBXFileReference; lastKnownFileType = sourcecode.swift; path = FavoriteCard.swift; sourceTree = "<group>"; };
		A59E56BC2011596E00362558 /* DatabaseServer.swift */ = {isa = PBXFileReference; lastKnownFileType = sourcecode.swift; path = DatabaseServer.swift; sourceTree = "<group>"; };
		A59E56BF20116D1B00362558 /* DatabaseServerTests.swift */ = {isa = PBXFileReference; lastKnownFileType = sourcecode.swift; path = DatabaseServerTests.swift; sourceTree = "<group>"; };
		A59E56C2201210D200362558 /* DeckStoreTests.swift */ = {isa = PBXFileReference; lastKnownFileType = sourcecode.swift; path = DeckStoreTests.swift; sourceTree = "<group>"; };
		A5BCA7A91FA24C33001E6817 /* CardTestSkillIcon.swift */ = {isa = PBXFileReference; lastKnownFileType = sourcecode.swift; path = CardTestSkillIcon.swift; sourceTree = "<group>"; };
		A5BCA7B11FA24CE1001E6817 /* CardFilter.swift */ = {isa = PBXFileReference; lastKnownFileType = sourcecode.swift; path = CardFilter.swift; sourceTree = "<group>"; };
		A5BCA80C1FA282EF001E6817 /* DeckRecord.swift */ = {isa = PBXFileReference; lastKnownFileType = sourcecode.swift; path = DeckRecord.swift; sourceTree = "<group>"; };
		A5C604091FD860730016F538 /* 01043.jpeg */ = {isa = PBXFileReference; lastKnownFileType = image.jpeg; path = 01043.jpeg; sourceTree = "<group>"; };
		A5C6D02520101DC6002EDE2F /* GeneralInfo.swift */ = {isa = PBXFileReference; lastKnownFileType = sourcecode.swift; path = GeneralInfo.swift; sourceTree = "<group>"; };
		A5D8B7211FB619C200DAC40F /* ChaosBagDatabaseTests.swift */ = {isa = PBXFileReference; lastKnownFileType = sourcecode.swift; path = ChaosBagDatabaseTests.swift; sourceTree = "<group>"; };
		A5D8B7241FB6317000DAC40F /* TableInfoRecord.swift */ = {isa = PBXFileReference; lastKnownFileType = sourcecode.swift; path = TableInfoRecord.swift; sourceTree = "<group>"; };
		A5D8B7291FB64A6800DAC40F /* chaos_bags.json */ = {isa = PBXFileReference; lastKnownFileType = text.json; path = chaos_bags.json; sourceTree = "<group>"; };
		A5D8B72A1FB64B1E00DAC40F /* Campaign.swift */ = {isa = PBXFileReference; lastKnownFileType = sourcecode.swift; path = Campaign.swift; sourceTree = "<group>"; };
		A5D8B72D1FB64B3000DAC40F /* Scenario.swift */ = {isa = PBXFileReference; lastKnownFileType = sourcecode.swift; path = Scenario.swift; sourceTree = "<group>"; };
		A5D8B7301FB64B3B00DAC40F /* ChaosBag.swift */ = {isa = PBXFileReference; lastKnownFileType = sourcecode.swift; path = ChaosBag.swift; sourceTree = "<group>"; };
		A5DA6A531FA23B2900457F27 /* ArkhamHorrorKit.framework */ = {isa = PBXFileReference; explicitFileType = wrapper.framework; includeInIndex = 0; path = ArkhamHorrorKit.framework; sourceTree = BUILT_PRODUCTS_DIR; };
		A5DA6A561FA23B2900457F27 /* ArkhamHorrorKit.h */ = {isa = PBXFileReference; lastKnownFileType = sourcecode.c.h; path = ArkhamHorrorKit.h; sourceTree = "<group>"; };
		A5DA6A571FA23B2900457F27 /* Info.plist */ = {isa = PBXFileReference; lastKnownFileType = text.plist.xml; path = Info.plist; sourceTree = "<group>"; };
		A5DA6A5C1FA23B2900457F27 /* ArkhamHorrorKit iOSTests.xctest */ = {isa = PBXFileReference; explicitFileType = wrapper.cfbundle; includeInIndex = 0; path = "ArkhamHorrorKit iOSTests.xctest"; sourceTree = BUILT_PRODUCTS_DIR; };
		A5DA6A631FA23B2900457F27 /* Info.plist */ = {isa = PBXFileReference; lastKnownFileType = text.plist.xml; path = Info.plist; sourceTree = "<group>"; };
		A5DA6A721FA23C4B00457F27 /* ArkhamHorrorKit.framework */ = {isa = PBXFileReference; explicitFileType = wrapper.framework; includeInIndex = 0; path = ArkhamHorrorKit.framework; sourceTree = BUILT_PRODUCTS_DIR; };
		A5DA6A7A1FA23C4C00457F27 /* ArkhamHorrorKit macOSTests.xctest */ = {isa = PBXFileReference; explicitFileType = wrapper.cfbundle; includeInIndex = 0; path = "ArkhamHorrorKit macOSTests.xctest"; sourceTree = BUILT_PRODUCTS_DIR; };
		A5DA6A8C1FA2441A00457F27 /* Investigator.swift */ = {isa = PBXFileReference; lastKnownFileType = sourcecode.swift; path = Investigator.swift; sourceTree = "<group>"; };
		A5DA6A8D1FA2441A00457F27 /* CardFaction.swift */ = {isa = PBXFileReference; lastKnownFileType = sourcecode.swift; path = CardFaction.swift; sourceTree = "<group>"; };
		A5DA6A8E1FA2441A00457F27 /* CardPack.swift */ = {isa = PBXFileReference; lastKnownFileType = sourcecode.swift; path = CardPack.swift; sourceTree = "<group>"; };
		A5DA6A901FA2441A00457F27 /* Deck.swift */ = {isa = PBXFileReference; lastKnownFileType = sourcecode.swift; path = Deck.swift; sourceTree = "<group>"; };
		A5DA6A911FA2441A00457F27 /* DeckCard.swift */ = {isa = PBXFileReference; lastKnownFileType = sourcecode.swift; path = DeckCard.swift; sourceTree = "<group>"; };
		A5DA6A921FA2441A00457F27 /* CardType.swift */ = {isa = PBXFileReference; lastKnownFileType = sourcecode.swift; path = CardType.swift; sourceTree = "<group>"; };
		A5DA6A931FA2441A00457F27 /* CardAssetSlot.swift */ = {isa = PBXFileReference; lastKnownFileType = sourcecode.swift; path = CardAssetSlot.swift; sourceTree = "<group>"; };
		A5DA6A941FA2441A00457F27 /* CardCycle.swift */ = {isa = PBXFileReference; lastKnownFileType = sourcecode.swift; path = CardCycle.swift; sourceTree = "<group>"; };
		A5DA6A961FA2441A00457F27 /* CardSubtype.swift */ = {isa = PBXFileReference; lastKnownFileType = sourcecode.swift; path = CardSubtype.swift; sourceTree = "<group>"; };
		A5DA6A971FA2441A00457F27 /* DeckStats.swift */ = {isa = PBXFileReference; lastKnownFileType = sourcecode.swift; path = DeckStats.swift; sourceTree = "<group>"; };
		A5DA6A981FA2441A00457F27 /* Card.swift */ = {isa = PBXFileReference; lastKnownFileType = sourcecode.swift; path = Card.swift; sourceTree = "<group>"; };
		A5DA6A991FA2441B00457F27 /* CardsSortingDescriptor.swift */ = {isa = PBXFileReference; lastKnownFileType = sourcecode.swift; path = CardsSortingDescriptor.swift; sourceTree = "<group>"; };
		A5DA6ABD1FA2460B00457F27 /* CardRecord.swift */ = {isa = PBXFileReference; lastKnownFileType = sourcecode.swift; path = CardRecord.swift; sourceTree = "<group>"; };
		A5DA6ABE1FA2460B00457F27 /* CardPackRecord.swift */ = {isa = PBXFileReference; lastKnownFileType = sourcecode.swift; path = CardPackRecord.swift; sourceTree = "<group>"; };
		A5DA6ABF1FA2460B00457F27 /* CardCycleRecord.swift */ = {isa = PBXFileReference; lastKnownFileType = sourcecode.swift; path = CardCycleRecord.swift; sourceTree = "<group>"; };
		A5DA6AC01FA2460C00457F27 /* InvestigatorRecord.swift */ = {isa = PBXFileReference; lastKnownFileType = sourcecode.swift; path = InvestigatorRecord.swift; sourceTree = "<group>"; };
		A5DA6AC91FA2468900457F27 /* FileChecksumRecord.swift */ = {isa = PBXFileReference; lastKnownFileType = sourcecode.swift; path = FileChecksumRecord.swift; sourceTree = "<group>"; };
		A5DA6ACD1FA246C000457F27 /* AHDatabase.swift */ = {isa = PBXFileReference; lastKnownFileType = sourcecode.swift; path = AHDatabase.swift; sourceTree = "<group>"; };
		A5DA6ACE1FA246C000457F27 /* DeckStore.swift */ = {isa = PBXFileReference; lastKnownFileType = sourcecode.swift; path = DeckStore.swift; sourceTree = "<group>"; };
		A5DA6ACF1FA246C000457F27 /* CardsStore.swift */ = {isa = PBXFileReference; lastKnownFileType = sourcecode.swift; path = CardsStore.swift; sourceTree = "<group>"; };
		A5DA6AD01FA246C000457F27 /* AHDatabaseMigrator.swift */ = {isa = PBXFileReference; lastKnownFileType = sourcecode.swift; path = AHDatabaseMigrator.swift; sourceTree = "<group>"; };
		A5F8205E2063C46B00A0B31C /* CardRecordV2.swift */ = {isa = PBXFileReference; lastKnownFileType = sourcecode.swift; path = CardRecordV2.swift; sourceTree = "<group>"; };
		A5F820612063F78B00A0B31C /* bota_encounterV2.json */ = {isa = PBXFileReference; fileEncoding = 4; lastKnownFileType = text.json; path = bota_encounterV2.json; sourceTree = "<group>"; };
		BBD970C05946780D19896C7F /* Pods_ArkhamHorrorKit_macOSTests.framework */ = {isa = PBXFileReference; explicitFileType = wrapper.framework; includeInIndex = 0; path = Pods_ArkhamHorrorKit_macOSTests.framework; sourceTree = BUILT_PRODUCTS_DIR; };
		F26C2B14B385004DB7863952 /* Pods_ArkhamHorrorKit_iOS.framework */ = {isa = PBXFileReference; explicitFileType = wrapper.framework; includeInIndex = 0; path = Pods_ArkhamHorrorKit_iOS.framework; sourceTree = BUILT_PRODUCTS_DIR; };
/* End PBXFileReference section */

/* Begin PBXFrameworksBuildPhase section */
		A5DA6A4F1FA23B2900457F27 /* Frameworks */ = {
			isa = PBXFrameworksBuildPhase;
			buildActionMask = 2147483647;
			files = (
				56A4CBEAE2957D33B0C9E53A /* Pods_ArkhamHorrorKit_iOS.framework in Frameworks */,
			);
			runOnlyForDeploymentPostprocessing = 0;
		};
		A5DA6A591FA23B2900457F27 /* Frameworks */ = {
			isa = PBXFrameworksBuildPhase;
			buildActionMask = 2147483647;
			files = (
				A5DA6A5D1FA23B2900457F27 /* ArkhamHorrorKit.framework in Frameworks */,
				3764492D6961AA54168F2563 /* Pods_ArkhamHorrorKit_iOSTests.framework in Frameworks */,
			);
			runOnlyForDeploymentPostprocessing = 0;
		};
		A5DA6A6E1FA23C4B00457F27 /* Frameworks */ = {
			isa = PBXFrameworksBuildPhase;
			buildActionMask = 2147483647;
			files = (
				A3F02738298214FEACF91D64 /* Pods_ArkhamHorrorKit_macOS.framework in Frameworks */,
			);
			runOnlyForDeploymentPostprocessing = 0;
		};
		A5DA6A771FA23C4C00457F27 /* Frameworks */ = {
			isa = PBXFrameworksBuildPhase;
			buildActionMask = 2147483647;
			files = (
				A5DA6A7B1FA23C4C00457F27 /* ArkhamHorrorKit.framework in Frameworks */,
				150066A0F0D845A7E6B4F319 /* Pods_ArkhamHorrorKit_macOSTests.framework in Frameworks */,
			);
			runOnlyForDeploymentPostprocessing = 0;
		};
/* End PBXFrameworksBuildPhase section */

/* Begin PBXGroup section */
		91CE3A71F7459ACBF5414266 /* Pods */ = {
			isa = PBXGroup;
			children = (
				403E4BC94DA27F9ABA0AD54D /* Pods-ArkhamHorrorKit iOS.debug.xcconfig */,
				89C8B2EF27B1090F77CDBCD6 /* Pods-ArkhamHorrorKit iOS.release.xcconfig */,
				5746127878EF0FE645682EAC /* Pods-ArkhamHorrorKit macOS.debug.xcconfig */,
				739703D8630EB59C132EF167 /* Pods-ArkhamHorrorKit macOS.release.xcconfig */,
				92398109576434EC7D204ACE /* Pods-ArkhamHorrorKit iOSTests.debug.xcconfig */,
				972F31D02760183140847776 /* Pods-ArkhamHorrorKit iOSTests.release.xcconfig */,
				A214A815668A3EB391B6A12D /* Pods-ArkhamHorrorKit macOSTests.debug.xcconfig */,
				78E4E9C345DA3BC51A624F4C /* Pods-ArkhamHorrorKit macOSTests.release.xcconfig */,
			);
			name = Pods;
			sourceTree = "<group>";
		};
		A52F52011FAFC10100CEFA18 /* Support Files */ = {
			isa = PBXGroup;
			children = (
				A52F52021FAFC12900CEFA18 /* Podfile */,
				A52F52041FAFC39C00CEFA18 /* LICENSE */,
				A52F52051FAFC3BC00CEFA18 /* ArkhamHorrorKit.podspec */,
			);
			path = "Support Files";
			sourceTree = "<group>";
		};
		A557A7DD1FAFCB21007B9D6F /* Cards Database */ = {
			isa = PBXGroup;
			children = (
				A5DA6ACD1FA246C000457F27 /* AHDatabase.swift */,
				A5DA6AD01FA246C000457F27 /* AHDatabaseMigrator.swift */,
				A5DA6ACF1FA246C000457F27 /* CardsStore.swift */,
				A5BCA7B11FA24CE1001E6817 /* CardFilter.swift */,
				A5DA6A991FA2441B00457F27 /* CardsSortingDescriptor.swift */,
				A5DA6ACE1FA246C000457F27 /* DeckStore.swift */,
				A557A7E61FB0E63A007B9D6F /* DeckFilter.swift */,
				A557A7E91FB0E65E007B9D6F /* DeckSortingDescriptor.swift */,
				A55DEB381FCA3D5700141FED /* CardImageStore.swift */,
				A508E3FB200FB1E100067885 /* JSONLoader.swift */,
				A59E56BC2011596E00362558 /* DatabaseServer.swift */,
				A557A7E31FAFCBCF007B9D6F /* Models */,
			);
			path = "Cards Database";
			sourceTree = "<group>";
		};
		A557A7E31FAFCBCF007B9D6F /* Models */ = {
			isa = PBXGroup;
			children = (
				A57FFB401FB5FE3500B16FE6 /* Cards */,
			);
			name = Models;
			sourceTree = "<group>";
		};
		A563C3E21FB129720060FE8C /* Resources */ = {
			isa = PBXGroup;
			children = (
				A51A26611FAF3468004C6ED1 /* schema_v1.sql */,
				A563C3E51FB129CA0060FE8C /* Base Data */,
				A563C3E31FB1298D0060FE8C /* Packs */,
				A51A261E1FAE7AFA004C6ED1 /* Images.xcassets */,
			);
			path = Resources;
			sourceTree = "<group>";
		};
		A563C3E31FB1298D0060FE8C /* Packs */ = {
			isa = PBXGroup;
			children = (
				A51A26631FAF3468004C6ED1 /* core.json */,
				A51A26621FAF3468004C6ED1 /* dwl.json */,
				A51A26601FAF3468004C6ED1 /* tmm.json */,
				A51A265C1FAF3467004C6ED1 /* tece.json */,
				A51A265A1FAF3467004C6ED1 /* bota.json */,
				A51A26581FAF3467004C6ED1 /* uau.json */,
				A51A26591FAF3467004C6ED1 /* wda.json */,
				A51A26561FAF3467004C6ED1 /* litas.json */,
				A51A26551FAF3467004C6ED1 /* ptc.json */,
				A51A265E1FAF3467004C6ED1 /* eotp.json */,
				A51A265B1FAF3467004C6ED1 /* tuo.json */,
				A51A26571FAF3467004C6ED1 /* promo.json */,
			);
			name = Packs;
			sourceTree = "<group>";
		};
		A563C3E51FB129CA0060FE8C /* Base Data */ = {
			isa = PBXGroup;
			children = (
				A53E36CC1FCC97A20002F85A /* cycles.json */,
				A53E36CD1FCC97A20002F85A /* packs.json */,
			);
			name = "Base Data";
			sourceTree = "<group>";
		};
		A5653BFD1FB1FBFC00862AC1 /* Data */ = {
			isa = PBXGroup;
			children = (
				A5C604091FD860730016F538 /* 01043.jpeg */,
				A5653BFF1FB1FC5600862AC1 /* base_core_updated.json */,
				A5653C071FB2037600862AC1 /* packs_update.json */,
				A5653C0B1FB20A1100862AC1 /* cyclesV1.json */,
				A5653C0C1FB20A1100862AC1 /* packsV1.json */,
				A53E36DE1FCCACFE0002F85A /* eotpV1.json */,
				A5653C161FB2174000862AC1 /* non_card_file.json */,
				A5D8B7291FB64A6800DAC40F /* chaos_bags.json */,
				A5F820612063F78B00A0B31C /* bota_encounterV2.json */,
			);
			path = Data;
			sourceTree = "<group>";
		};
		A56F7E971FB6022100BCDF44 /* Chaos Bag Models */ = {
			isa = PBXGroup;
			children = (
				A5779C2B1FB603F000DB9DAD /* ChaosBagDifficulty.swift */,
				A5779C2D1FB606E100DB9DAD /* ChaosToken.swift */,
				A5D8B72A1FB64B1E00DAC40F /* Campaign.swift */,
				A5D8B72D1FB64B3000DAC40F /* Scenario.swift */,
				A5D8B7301FB64B3B00DAC40F /* ChaosBag.swift */,
			);
			path = "Chaos Bag Models";
			sourceTree = "<group>";
		};
		A56F7E991FB6028300BCDF44 /* Chaos Bag Database */ = {
			isa = PBXGroup;
			children = (
				A5779C311FB60B6800DB9DAD /* ChaosBagDatabase.swift */,
				A5779C381FB60DA700DB9DAD /* ChaosBagDatabaseMigrator.swift */,
				A56F7E9A1FB6029F00BCDF44 /* Models */,
			);
			path = "Chaos Bag Database";
			sourceTree = "<group>";
		};
		A56F7E9A1FB6029F00BCDF44 /* Models */ = {
			isa = PBXGroup;
			children = (
				A57FFB421FB5FE7500B16FE6 /* CampaignRecord.swift */,
				A57FFB451FB5FE7F00B16FE6 /* ScenarioRecord.swift */,
				A57FFB481FB5FE8B00B16FE6 /* ChaosBagRecord.swift */,
				A5779C3B1FB6120A00DB9DAD /* ScenarioChaosBagRecord.swift */,
			);
			name = Models;
			sourceTree = "<group>";
		};
		A57FFB401FB5FE3500B16FE6 /* Cards */ = {
			isa = PBXGroup;
			children = (
				A5DA6ABD1FA2460B00457F27 /* CardRecord.swift */,
				A5F8205E2063C46B00A0B31C /* CardRecordV2.swift */,
				A5BCA80C1FA282EF001E6817 /* DeckRecord.swift */,
				A57E8EE31FAE6926008942B0 /* DeckCardRecord.swift */,
				A5DA6AC01FA2460C00457F27 /* InvestigatorRecord.swift */,
				A5DA6ABF1FA2460B00457F27 /* CardCycleRecord.swift */,
				A5DA6ABE1FA2460B00457F27 /* CardPackRecord.swift */,
				A5DA6AC91FA2468900457F27 /* FileChecksumRecord.swift */,
				A53E370D1FCDBA080002F85A /* CardFTSRecord.swift */,
				A5837B661FCF3E440062FBFA /* TraitRecord.swift */,
				A5837B691FCF40040062FBFA /* CardTraitRecord.swift */,
				A5C6D02520101DC6002EDE2F /* GeneralInfo.swift */,
				A59CA8332066DC54006A83E6 /* FavoriteCard.swift */,
			);
			name = Cards;
			sourceTree = "<group>";
		};
		A5BCA7B91FA256B5001E6817 /* Frameworks */ = {
			isa = PBXGroup;
			children = (
				F26C2B14B385004DB7863952 /* Pods_ArkhamHorrorKit_iOS.framework */,
				6F508E71D6325C8E474FB55A /* Pods_ArkhamHorrorKit_macOS.framework */,
				7F04466D3EFBF00B2C7700C6 /* Pods_ArkhamHorrorKit_iOSTests.framework */,
				BBD970C05946780D19896C7F /* Pods_ArkhamHorrorKit_macOSTests.framework */,
			);
			name = Frameworks;
			sourceTree = "<group>";
		};
		A5DA6A491FA23B2900457F27 = {
			isa = PBXGroup;
			children = (
				A5DA6A551FA23B2900457F27 /* ArkhamHorrorKit */,
				A52F52011FAFC10100CEFA18 /* Support Files */,
				A5DA6A601FA23B2900457F27 /* ArkhamHorrorKitTests */,
				A5DA6A541FA23B2900457F27 /* Products */,
				A5BCA7B91FA256B5001E6817 /* Frameworks */,
				91CE3A71F7459ACBF5414266 /* Pods */,
			);
			sourceTree = "<group>";
		};
		A5DA6A541FA23B2900457F27 /* Products */ = {
			isa = PBXGroup;
			children = (
				A5DA6A531FA23B2900457F27 /* ArkhamHorrorKit.framework */,
				A5DA6A5C1FA23B2900457F27 /* ArkhamHorrorKit iOSTests.xctest */,
				A5DA6A721FA23C4B00457F27 /* ArkhamHorrorKit.framework */,
				A5DA6A7A1FA23C4C00457F27 /* ArkhamHorrorKit macOSTests.xctest */,
			);
			name = Products;
			sourceTree = "<group>";
		};
		A5DA6A551FA23B2900457F27 /* ArkhamHorrorKit */ = {
			isa = PBXGroup;
			children = (
				A5DA6A561FA23B2900457F27 /* ArkhamHorrorKit.h */,
				A51DBA411FDEF86500B247A4 /* Helpers.swift */,
				A563C3E21FB129720060FE8C /* Resources */,
				A557A7DD1FAFCB21007B9D6F /* Cards Database */,
				A5DA6A8B1FA2440900457F27 /* Card Models */,
				A56F7E991FB6028300BCDF44 /* Chaos Bag Database */,
				A56F7E971FB6022100BCDF44 /* Chaos Bag Models */,
				A5DA6A571FA23B2900457F27 /* Info.plist */,
			);
			path = ArkhamHorrorKit;
			sourceTree = "<group>";
		};
		A5DA6A601FA23B2900457F27 /* ArkhamHorrorKitTests */ = {
			isa = PBXGroup;
			children = (
				A5837B811FD0B77A0062FBFA /* CreateDatabaseInDocumentsTests.swift */,
				A5653BFD1FB1FBFC00862AC1 /* Data */,
				A5653C021FB1FCDE00862AC1 /* AHDatabaseTests.swift */,
				A51A264D1FAF323F004C6ED1 /* DatabaseMigrationsTests.swift */,
				A51A264E1FAF323F004C6ED1 /* DatabaseTestsHelper.swift */,
				A5DA6A631FA23B2900457F27 /* Info.plist */,
				A563C36F1FB11D670060FE8C /* CardStoreTests.swift */,
				A5D8B7211FB619C200DAC40F /* ChaosBagDatabaseTests.swift */,
				A5D8B7241FB6317000DAC40F /* TableInfoRecord.swift */,
				A55DEB3B1FCA4A7500141FED /* CardImageStoreTests.swift */,
				A5837B6C1FCF411D0062FBFA /* CardTraitsTests.swift */,
				A5837B7E1FD096F40062FBFA /* CardFiltersTests.swift */,
				A59E56BF20116D1B00362558 /* DatabaseServerTests.swift */,
				A59E56C2201210D200362558 /* DeckStoreTests.swift */,
			);
			path = ArkhamHorrorKitTests;
			sourceTree = "<group>";
		};
		A5DA6A8B1FA2440900457F27 /* Card Models */ = {
			isa = PBXGroup;
			children = (
				A5DA6A981FA2441A00457F27 /* Card.swift */,
				A5DA6A941FA2441A00457F27 /* CardCycle.swift */,
				A5DA6A8E1FA2441A00457F27 /* CardPack.swift */,
				A5DA6A921FA2441A00457F27 /* CardType.swift */,
				A5DA6A961FA2441A00457F27 /* CardSubtype.swift */,
				A5DA6A8D1FA2441A00457F27 /* CardFaction.swift */,
				A5DA6A931FA2441A00457F27 /* CardAssetSlot.swift */,
				A5BCA7A91FA24C33001E6817 /* CardTestSkillIcon.swift */,
				A5DA6A901FA2441A00457F27 /* Deck.swift */,
				A5DA6A911FA2441A00457F27 /* DeckCard.swift */,
				A5DA6A971FA2441A00457F27 /* DeckStats.swift */,
				A5DA6A8C1FA2441A00457F27 /* Investigator.swift */,
				A508E3F8200FA0BB00067885 /* FileChecksum.swift */,
			);
			path = "Card Models";
			sourceTree = "<group>";
		};
/* End PBXGroup section */

/* Begin PBXHeadersBuildPhase section */
		A5DA6A501FA23B2900457F27 /* Headers */ = {
			isa = PBXHeadersBuildPhase;
			buildActionMask = 2147483647;
			files = (
				A5DA6A641FA23B2900457F27 /* ArkhamHorrorKit.h in Headers */,
			);
			runOnlyForDeploymentPostprocessing = 0;
		};
		A5DA6A6F1FA23C4B00457F27 /* Headers */ = {
			isa = PBXHeadersBuildPhase;
			buildActionMask = 2147483647;
			files = (
				A5DA6A891FA23D4F00457F27 /* ArkhamHorrorKit.h in Headers */,
			);
			runOnlyForDeploymentPostprocessing = 0;
		};
/* End PBXHeadersBuildPhase section */

/* Begin PBXNativeTarget section */
		A5DA6A521FA23B2900457F27 /* ArkhamHorrorKit iOS */ = {
			isa = PBXNativeTarget;
			buildConfigurationList = A5DA6A671FA23B2900457F27 /* Build configuration list for PBXNativeTarget "ArkhamHorrorKit iOS" */;
			buildPhases = (
				82D4BA1A0F56E74739ED858E /* [CP] Check Pods Manifest.lock */,
				A5DA6A4E1FA23B2900457F27 /* Sources */,
				A5DA6A4F1FA23B2900457F27 /* Frameworks */,
				A5DA6A501FA23B2900457F27 /* Headers */,
				A5DA6A511FA23B2900457F27 /* Resources */,
			);
			buildRules = (
			);
			dependencies = (
			);
			name = "ArkhamHorrorKit iOS";
			productName = "ArkhamHorrorKit iOS";
			productReference = A5DA6A531FA23B2900457F27 /* ArkhamHorrorKit.framework */;
			productType = "com.apple.product-type.framework";
		};
		A5DA6A5B1FA23B2900457F27 /* ArkhamHorrorKit iOSTests */ = {
			isa = PBXNativeTarget;
			buildConfigurationList = A5DA6A6A1FA23B2900457F27 /* Build configuration list for PBXNativeTarget "ArkhamHorrorKit iOSTests" */;
			buildPhases = (
				6F4986562BBB54B6122D7014 /* [CP] Check Pods Manifest.lock */,
				A5DA6A581FA23B2900457F27 /* Sources */,
				A5DA6A591FA23B2900457F27 /* Frameworks */,
				A5DA6A5A1FA23B2900457F27 /* Resources */,
				2B9F8BB2355DB1B6F2E75AAC /* [CP] Embed Pods Frameworks */,
			);
			buildRules = (
			);
			dependencies = (
				A5DA6A5F1FA23B2900457F27 /* PBXTargetDependency */,
			);
			name = "ArkhamHorrorKit iOSTests";
			productName = "ArkhamHorrorKit iOSTests";
			productReference = A5DA6A5C1FA23B2900457F27 /* ArkhamHorrorKit iOSTests.xctest */;
			productType = "com.apple.product-type.bundle.unit-test";
		};
		A5DA6A711FA23C4B00457F27 /* ArkhamHorrorKit macOS */ = {
			isa = PBXNativeTarget;
			buildConfigurationList = A5DA6A831FA23C4C00457F27 /* Build configuration list for PBXNativeTarget "ArkhamHorrorKit macOS" */;
			buildPhases = (
				03E17F1220172F9A79C568FD /* [CP] Check Pods Manifest.lock */,
				A5DA6A6D1FA23C4B00457F27 /* Sources */,
				A5DA6A6E1FA23C4B00457F27 /* Frameworks */,
				A5DA6A6F1FA23C4B00457F27 /* Headers */,
				A5DA6A701FA23C4B00457F27 /* Resources */,
			);
			buildRules = (
			);
			dependencies = (
			);
			name = "ArkhamHorrorKit macOS";
			productName = "ArkhamHorrorKit macOS";
			productReference = A5DA6A721FA23C4B00457F27 /* ArkhamHorrorKit.framework */;
			productType = "com.apple.product-type.framework";
		};
		A5DA6A791FA23C4C00457F27 /* ArkhamHorrorKit macOSTests */ = {
			isa = PBXNativeTarget;
			buildConfigurationList = A5DA6A861FA23C4C00457F27 /* Build configuration list for PBXNativeTarget "ArkhamHorrorKit macOSTests" */;
			buildPhases = (
				6ACA81EA87C43D5C1119E52B /* [CP] Check Pods Manifest.lock */,
				A5DA6A761FA23C4C00457F27 /* Sources */,
				A5DA6A771FA23C4C00457F27 /* Frameworks */,
				A5DA6A781FA23C4C00457F27 /* Resources */,
				7F7B90C6204832B44A6D14BD /* [CP] Embed Pods Frameworks */,
			);
			buildRules = (
			);
			dependencies = (
				A5DA6A7D1FA23C4C00457F27 /* PBXTargetDependency */,
			);
			name = "ArkhamHorrorKit macOSTests";
			productName = "ArkhamHorrorKit macOSTests";
			productReference = A5DA6A7A1FA23C4C00457F27 /* ArkhamHorrorKit macOSTests.xctest */;
			productType = "com.apple.product-type.bundle.unit-test";
		};
/* End PBXNativeTarget section */

/* Begin PBXProject section */
		A5DA6A4A1FA23B2900457F27 /* Project object */ = {
			isa = PBXProject;
			attributes = {
				LastSwiftUpdateCheck = 0900;
				LastUpgradeCheck = 0900;
				ORGANIZATIONNAME = "Tiago Bras";
				TargetAttributes = {
					A5DA6A521FA23B2900457F27 = {
						CreatedOnToolsVersion = 9.0;
						LastSwiftMigration = 0900;
						ProvisioningStyle = Automatic;
					};
					A5DA6A5B1FA23B2900457F27 = {
						CreatedOnToolsVersion = 9.0;
						ProvisioningStyle = Automatic;
					};
					A5DA6A711FA23C4B00457F27 = {
						CreatedOnToolsVersion = 9.0;
						LastSwiftMigration = 0900;
						ProvisioningStyle = Automatic;
					};
					A5DA6A791FA23C4C00457F27 = {
						CreatedOnToolsVersion = 9.0;
						ProvisioningStyle = Automatic;
					};
				};
			};
			buildConfigurationList = A5DA6A4D1FA23B2900457F27 /* Build configuration list for PBXProject "ArkhamHorrorKit" */;
			compatibilityVersion = "Xcode 8.0";
			developmentRegion = en;
			hasScannedForEncodings = 0;
			knownRegions = (
				en,
			);
			mainGroup = A5DA6A491FA23B2900457F27;
			productRefGroup = A5DA6A541FA23B2900457F27 /* Products */;
			projectDirPath = "";
			projectRoot = "";
			targets = (
				A5DA6A521FA23B2900457F27 /* ArkhamHorrorKit iOS */,
				A5DA6A5B1FA23B2900457F27 /* ArkhamHorrorKit iOSTests */,
				A5DA6A711FA23C4B00457F27 /* ArkhamHorrorKit macOS */,
				A5DA6A791FA23C4C00457F27 /* ArkhamHorrorKit macOSTests */,
			);
		};
/* End PBXProject section */

/* Begin PBXResourcesBuildPhase section */
		A5DA6A511FA23B2900457F27 /* Resources */ = {
			isa = PBXResourcesBuildPhase;
			buildActionMask = 2147483647;
			files = (
				A51A26681FAF3470004C6ED1 /* dwl.json in Resources */,
				A51A266E1FAF3470004C6ED1 /* tmm.json in Resources */,
				A51A266C1FAF3470004C6ED1 /* ptc.json in Resources */,
				A51A26691FAF3470004C6ED1 /* eotp.json in Resources */,
				A53E36D01FCC97A20002F85A /* packs.json in Resources */,
				A51A26641FAF3470004C6ED1 /* schema_v1.sql in Resources */,
				A53E36CE1FCC97A20002F85A /* cycles.json in Resources */,
				A51A26671FAF3470004C6ED1 /* core.json in Resources */,
				A51A266D1FAF3470004C6ED1 /* tece.json in Resources */,
				A51A26661FAF3470004C6ED1 /* bota.json in Resources */,
				A51A26711FAF3470004C6ED1 /* wda.json in Resources */,
				A51A266B1FAF3470004C6ED1 /* promo.json in Resources */,
				A51A26701FAF3470004C6ED1 /* uau.json in Resources */,
				A51A266F1FAF3470004C6ED1 /* tuo.json in Resources */,
				A51A266A1FAF3470004C6ED1 /* litas.json in Resources */,
				A51A261F1FAE7AFA004C6ED1 /* Images.xcassets in Resources */,
			);
			runOnlyForDeploymentPostprocessing = 0;
		};
		A5DA6A5A1FA23B2900457F27 /* Resources */ = {
			isa = PBXResourcesBuildPhase;
			buildActionMask = 2147483647;
			files = (
				A5653C051FB1FFCB00862AC1 /* base_core_updated.json in Resources */,
				A59FCA521FB71B3000DF4994 /* chaos_bags.json in Resources */,
				A5653C171FB2174000862AC1 /* non_card_file.json in Resources */,
				A51A26971FAF35D6004C6ED1 /* schema_v1.sql in Resources */,
				A5C6040A1FD860730016F538 /* 01043.jpeg in Resources */,
				A53E36DF1FCCACFE0002F85A /* eotpV1.json in Resources */,
				A5653C0D1FB20EE200862AC1 /* cyclesV1.json in Resources */,
				A5653C0E1FB20EE200862AC1 /* packsV1.json in Resources */,
				A5F820622063F78B00A0B31C /* bota_encounterV2.json in Resources */,
				A5653C081FB2037600862AC1 /* packs_update.json in Resources */,
			);
			runOnlyForDeploymentPostprocessing = 0;
		};
		A5DA6A701FA23C4B00457F27 /* Resources */ = {
			isa = PBXResourcesBuildPhase;
			buildActionMask = 2147483647;
			files = (
				A51A26881FAF347B004C6ED1 /* dwl.json in Resources */,
				A51A268E1FAF347B004C6ED1 /* tmm.json in Resources */,
				A51A268C1FAF347B004C6ED1 /* ptc.json in Resources */,
				A51A26891FAF347B004C6ED1 /* eotp.json in Resources */,
				A53E36D11FCC97A20002F85A /* packs.json in Resources */,
				A51A26841FAF347B004C6ED1 /* schema_v1.sql in Resources */,
				A53E36CF1FCC97A20002F85A /* cycles.json in Resources */,
				A51A26871FAF347B004C6ED1 /* core.json in Resources */,
				A51A268D1FAF347B004C6ED1 /* tece.json in Resources */,
				A51A26861FAF347B004C6ED1 /* bota.json in Resources */,
				A51A26911FAF347B004C6ED1 /* wda.json in Resources */,
				A51A268B1FAF347B004C6ED1 /* promo.json in Resources */,
				A51A26901FAF347B004C6ED1 /* uau.json in Resources */,
				A51A268F1FAF347B004C6ED1 /* tuo.json in Resources */,
				A51A268A1FAF347B004C6ED1 /* litas.json in Resources */,
				A51A26201FAE7B01004C6ED1 /* Images.xcassets in Resources */,
			);
			runOnlyForDeploymentPostprocessing = 0;
		};
		A5DA6A781FA23C4C00457F27 /* Resources */ = {
			isa = PBXResourcesBuildPhase;
			buildActionMask = 2147483647;
			files = (
				A5653C061FB1FFCC00862AC1 /* base_core_updated.json in Resources */,
				A59FCA511FB71B2F00DF4994 /* chaos_bags.json in Resources */,
				A5653C181FB2174000862AC1 /* non_card_file.json in Resources */,
				A51A26A71FAF35D7004C6ED1 /* schema_v1.sql in Resources */,
				A5C6040B1FD860730016F538 /* 01043.jpeg in Resources */,
				A53E36E01FCCACFE0002F85A /* eotpV1.json in Resources */,
				A5653C131FB20EE300862AC1 /* cyclesV1.json in Resources */,
				A5653C141FB20EE300862AC1 /* packsV1.json in Resources */,
				A5F820632063F78B00A0B31C /* bota_encounterV2.json in Resources */,
				A5653C091FB2037600862AC1 /* packs_update.json in Resources */,
			);
			runOnlyForDeploymentPostprocessing = 0;
		};
/* End PBXResourcesBuildPhase section */

/* Begin PBXShellScriptBuildPhase section */
		03E17F1220172F9A79C568FD /* [CP] Check Pods Manifest.lock */ = {
			isa = PBXShellScriptBuildPhase;
			buildActionMask = 2147483647;
			files = (
			);
			inputPaths = (
				"${PODS_PODFILE_DIR_PATH}/Podfile.lock",
				"${PODS_ROOT}/Manifest.lock",
			);
			name = "[CP] Check Pods Manifest.lock";
			outputPaths = (
				"$(DERIVED_FILE_DIR)/Pods-ArkhamHorrorKit macOS-checkManifestLockResult.txt",
			);
			runOnlyForDeploymentPostprocessing = 0;
			shellPath = /bin/sh;
			shellScript = "diff \"${PODS_PODFILE_DIR_PATH}/Podfile.lock\" \"${PODS_ROOT}/Manifest.lock\" > /dev/null\nif [ $? != 0 ] ; then\n    # print error to STDERR\n    echo \"error: The sandbox is not in sync with the Podfile.lock. Run 'pod install' or update your CocoaPods installation.\" >&2\n    exit 1\nfi\n# This output is used by Xcode 'outputs' to avoid re-running this script phase.\necho \"SUCCESS\" > \"${SCRIPT_OUTPUT_FILE_0}\"\n";
			showEnvVarsInLog = 0;
		};
		2B9F8BB2355DB1B6F2E75AAC /* [CP] Embed Pods Frameworks */ = {
			isa = PBXShellScriptBuildPhase;
			buildActionMask = 2147483647;
			files = (
			);
			inputPaths = (
				"${SRCROOT}/Pods/Target Support Files/Pods-ArkhamHorrorKit iOSTests/Pods-ArkhamHorrorKit iOSTests-frameworks.sh",
				"${BUILT_PRODUCTS_DIR}/GRDB.swift-iOS/GRDB.framework",
				"${BUILT_PRODUCTS_DIR}/SwiftyJSON-iOS/SwiftyJSON.framework",
				"${BUILT_PRODUCTS_DIR}/TBSwiftKit-iOS/TBSwiftKit.framework",
			);
			name = "[CP] Embed Pods Frameworks";
			outputPaths = (
				"${TARGET_BUILD_DIR}/${FRAMEWORKS_FOLDER_PATH}/GRDB.framework",
				"${TARGET_BUILD_DIR}/${FRAMEWORKS_FOLDER_PATH}/SwiftyJSON.framework",
				"${TARGET_BUILD_DIR}/${FRAMEWORKS_FOLDER_PATH}/TBSwiftKit.framework",
			);
			runOnlyForDeploymentPostprocessing = 0;
			shellPath = /bin/sh;
			shellScript = "\"${SRCROOT}/Pods/Target Support Files/Pods-ArkhamHorrorKit iOSTests/Pods-ArkhamHorrorKit iOSTests-frameworks.sh\"\n";
			showEnvVarsInLog = 0;
		};
		6ACA81EA87C43D5C1119E52B /* [CP] Check Pods Manifest.lock */ = {
			isa = PBXShellScriptBuildPhase;
			buildActionMask = 2147483647;
			files = (
			);
			inputPaths = (
				"${PODS_PODFILE_DIR_PATH}/Podfile.lock",
				"${PODS_ROOT}/Manifest.lock",
			);
			name = "[CP] Check Pods Manifest.lock";
			outputPaths = (
				"$(DERIVED_FILE_DIR)/Pods-ArkhamHorrorKit macOSTests-checkManifestLockResult.txt",
			);
			runOnlyForDeploymentPostprocessing = 0;
			shellPath = /bin/sh;
			shellScript = "diff \"${PODS_PODFILE_DIR_PATH}/Podfile.lock\" \"${PODS_ROOT}/Manifest.lock\" > /dev/null\nif [ $? != 0 ] ; then\n    # print error to STDERR\n    echo \"error: The sandbox is not in sync with the Podfile.lock. Run 'pod install' or update your CocoaPods installation.\" >&2\n    exit 1\nfi\n# This output is used by Xcode 'outputs' to avoid re-running this script phase.\necho \"SUCCESS\" > \"${SCRIPT_OUTPUT_FILE_0}\"\n";
			showEnvVarsInLog = 0;
		};
		6F4986562BBB54B6122D7014 /* [CP] Check Pods Manifest.lock */ = {
			isa = PBXShellScriptBuildPhase;
			buildActionMask = 2147483647;
			files = (
			);
			inputPaths = (
				"${PODS_PODFILE_DIR_PATH}/Podfile.lock",
				"${PODS_ROOT}/Manifest.lock",
			);
			name = "[CP] Check Pods Manifest.lock";
			outputPaths = (
				"$(DERIVED_FILE_DIR)/Pods-ArkhamHorrorKit iOSTests-checkManifestLockResult.txt",
			);
			runOnlyForDeploymentPostprocessing = 0;
			shellPath = /bin/sh;
			shellScript = "diff \"${PODS_PODFILE_DIR_PATH}/Podfile.lock\" \"${PODS_ROOT}/Manifest.lock\" > /dev/null\nif [ $? != 0 ] ; then\n    # print error to STDERR\n    echo \"error: The sandbox is not in sync with the Podfile.lock. Run 'pod install' or update your CocoaPods installation.\" >&2\n    exit 1\nfi\n# This output is used by Xcode 'outputs' to avoid re-running this script phase.\necho \"SUCCESS\" > \"${SCRIPT_OUTPUT_FILE_0}\"\n";
			showEnvVarsInLog = 0;
		};
		7F7B90C6204832B44A6D14BD /* [CP] Embed Pods Frameworks */ = {
			isa = PBXShellScriptBuildPhase;
			buildActionMask = 2147483647;
			files = (
			);
			inputPaths = (
				"${SRCROOT}/Pods/Target Support Files/Pods-ArkhamHorrorKit macOSTests/Pods-ArkhamHorrorKit macOSTests-frameworks.sh",
				"${BUILT_PRODUCTS_DIR}/GRDB.swift-macOS/GRDB.framework",
				"${BUILT_PRODUCTS_DIR}/SwiftyJSON-macOS/SwiftyJSON.framework",
				"${BUILT_PRODUCTS_DIR}/TBSwiftKit-macOS/TBSwiftKit.framework",
			);
			name = "[CP] Embed Pods Frameworks";
			outputPaths = (
				"${TARGET_BUILD_DIR}/${FRAMEWORKS_FOLDER_PATH}/GRDB.framework",
				"${TARGET_BUILD_DIR}/${FRAMEWORKS_FOLDER_PATH}/SwiftyJSON.framework",
				"${TARGET_BUILD_DIR}/${FRAMEWORKS_FOLDER_PATH}/TBSwiftKit.framework",
			);
			runOnlyForDeploymentPostprocessing = 0;
			shellPath = /bin/sh;
			shellScript = "\"${SRCROOT}/Pods/Target Support Files/Pods-ArkhamHorrorKit macOSTests/Pods-ArkhamHorrorKit macOSTests-frameworks.sh\"\n";
			showEnvVarsInLog = 0;
		};
		82D4BA1A0F56E74739ED858E /* [CP] Check Pods Manifest.lock */ = {
			isa = PBXShellScriptBuildPhase;
			buildActionMask = 2147483647;
			files = (
			);
			inputPaths = (
				"${PODS_PODFILE_DIR_PATH}/Podfile.lock",
				"${PODS_ROOT}/Manifest.lock",
			);
			name = "[CP] Check Pods Manifest.lock";
			outputPaths = (
				"$(DERIVED_FILE_DIR)/Pods-ArkhamHorrorKit iOS-checkManifestLockResult.txt",
			);
			runOnlyForDeploymentPostprocessing = 0;
			shellPath = /bin/sh;
			shellScript = "diff \"${PODS_PODFILE_DIR_PATH}/Podfile.lock\" \"${PODS_ROOT}/Manifest.lock\" > /dev/null\nif [ $? != 0 ] ; then\n    # print error to STDERR\n    echo \"error: The sandbox is not in sync with the Podfile.lock. Run 'pod install' or update your CocoaPods installation.\" >&2\n    exit 1\nfi\n# This output is used by Xcode 'outputs' to avoid re-running this script phase.\necho \"SUCCESS\" > \"${SCRIPT_OUTPUT_FILE_0}\"\n";
			showEnvVarsInLog = 0;
		};
/* End PBXShellScriptBuildPhase section */

/* Begin PBXSourcesBuildPhase section */
		A5DA6A4E1FA23B2900457F27 /* Sources */ = {
			isa = PBXSourcesBuildPhase;
			buildActionMask = 2147483647;
			files = (
				A5DA6AA11FA244C300457F27 /* CardPack.swift in Sources */,
				A5779C2C1FB603F000DB9DAD /* ChaosBagDifficulty.swift in Sources */,
				A5DA6AA21FA244C300457F27 /* CardsSortingDescriptor.swift in Sources */,
				A5DA6AA81FA244C300457F27 /* DeckStats.swift in Sources */,
				A5DA6AC31FA2461300457F27 /* CardCycleRecord.swift in Sources */,
				A5779C391FB60DA700DB9DAD /* ChaosBagDatabaseMigrator.swift in Sources */,
				A5DA6AA71FA244C300457F27 /* DeckCard.swift in Sources */,
				A5D8B72E1FB64B3000DAC40F /* Scenario.swift in Sources */,
				A5DA6AA31FA244C300457F27 /* CardSubtype.swift in Sources */,
				A5DA6AC21FA2461300457F27 /* InvestigatorRecord.swift in Sources */,
				A5DA6AC11FA2461300457F27 /* CardRecord.swift in Sources */,
				A5DA6AA51FA244C300457F27 /* CardType.swift in Sources */,
				A57FFB431FB5FE7500B16FE6 /* CampaignRecord.swift in Sources */,
				A5BCA7B21FA24CE1001E6817 /* CardFilter.swift in Sources */,
				A557A7EA1FB0E65E007B9D6F /* DeckSortingDescriptor.swift in Sources */,
				A5DA6A9E1FA244C300457F27 /* CardCycle.swift in Sources */,
				A5C6D02620101DC6002EDE2F /* GeneralInfo.swift in Sources */,
				A59CA8342066DC54006A83E6 /* FavoriteCard.swift in Sources */,
				A55DEB391FCA3D5700141FED /* CardImageStore.swift in Sources */,
				A51DBA421FDEF86500B247A4 /* Helpers.swift in Sources */,
				A57FFB461FB5FE7F00B16FE6 /* ScenarioRecord.swift in Sources */,
				A5BCA7AA1FA24C33001E6817 /* CardTestSkillIcon.swift in Sources */,
				A508E3FC200FB1E100067885 /* JSONLoader.swift in Sources */,
				A57E8EE41FAE6926008942B0 /* DeckCardRecord.swift in Sources */,
				A59E56BD2011596E00362558 /* DatabaseServer.swift in Sources */,
				A53E370E1FCDBA080002F85A /* CardFTSRecord.swift in Sources */,
				A5BCA80D1FA282EF001E6817 /* DeckRecord.swift in Sources */,
				A5DA6AC41FA2461300457F27 /* CardPackRecord.swift in Sources */,
				A5837B671FCF3E440062FBFA /* TraitRecord.swift in Sources */,
				A5DA6AD31FA246DC00457F27 /* CardsStore.swift in Sources */,
				A5DA6ACA1FA2468900457F27 /* FileChecksumRecord.swift in Sources */,
				A5DA6A9D1FA244C300457F27 /* CardAssetSlot.swift in Sources */,
				A57FFB491FB5FE8B00B16FE6 /* ChaosBagRecord.swift in Sources */,
				A5D8B7311FB64B3B00DAC40F /* ChaosBag.swift in Sources */,
				A5DA6A9F1FA244C300457F27 /* CardFaction.swift in Sources */,
				A5D8B72B1FB64B1E00DAC40F /* Campaign.swift in Sources */,
				A508E3F9200FA0BB00067885 /* FileChecksum.swift in Sources */,
				A5779C3C1FB6120A00DB9DAD /* ScenarioChaosBagRecord.swift in Sources */,
				A5DA6AD11FA246DC00457F27 /* AHDatabase.swift in Sources */,
				A5DA6AD41FA246DC00457F27 /* DeckStore.swift in Sources */,
				A5779C2E1FB606E100DB9DAD /* ChaosToken.swift in Sources */,
				A5DA6AAB1FA244C300457F27 /* Investigator.swift in Sources */,
				A5779C321FB60B6800DB9DAD /* ChaosBagDatabase.swift in Sources */,
				A557A7E71FB0E63A007B9D6F /* DeckFilter.swift in Sources */,
				A5DA6AD21FA246DC00457F27 /* AHDatabaseMigrator.swift in Sources */,
				A5DA6AA61FA244C300457F27 /* Deck.swift in Sources */,
				A5DA6A9C1FA244C300457F27 /* Card.swift in Sources */,
				A5F8205F2063C46B00A0B31C /* CardRecordV2.swift in Sources */,
				A5837B6A1FCF40040062FBFA /* CardTraitRecord.swift in Sources */,
			);
			runOnlyForDeploymentPostprocessing = 0;
		};
		A5DA6A581FA23B2900457F27 /* Sources */ = {
			isa = PBXSourcesBuildPhase;
			buildActionMask = 2147483647;
			files = (
				A55DEB3C1FCA4A7500141FED /* CardImageStoreTests.swift in Sources */,
				A5837B6D1FCF411D0062FBFA /* CardTraitsTests.swift in Sources */,
				A5837B821FD0B77A0062FBFA /* CreateDatabaseInDocumentsTests.swift in Sources */,
				A5D8B7271FB6337300DAC40F /* TableInfoRecord.swift in Sources */,
				A563C3701FB11D670060FE8C /* CardStoreTests.swift in Sources */,
				A5D8B7221FB619C200DAC40F /* ChaosBagDatabaseTests.swift in Sources */,
				A59E56C3201210D200362558 /* DeckStoreTests.swift in Sources */,
				A51A26511FAF323F004C6ED1 /* DatabaseTestsHelper.swift in Sources */,
				A5837B7F1FD096F40062FBFA /* CardFiltersTests.swift in Sources */,
				A51A264F1FAF323F004C6ED1 /* DatabaseMigrationsTests.swift in Sources */,
				A5653C031FB1FCDE00862AC1 /* AHDatabaseTests.swift in Sources */,
				A59E56C020116D1B00362558 /* DatabaseServerTests.swift in Sources */,
			);
			runOnlyForDeploymentPostprocessing = 0;
		};
		A5DA6A6D1FA23C4B00457F27 /* Sources */ = {
			isa = PBXSourcesBuildPhase;
			buildActionMask = 2147483647;
			files = (
				A5779C2F1FB608A400DB9DAD /* ChaosToken.swift in Sources */,
				A51DBA431FDEF86500B247A4 /* Helpers.swift in Sources */,
				A5779C301FB608A700DB9DAD /* ChaosBagDifficulty.swift in Sources */,
				A508E3FA200FA0CD00067885 /* FileChecksum.swift in Sources */,
				A5DA6AB11FA244C400457F27 /* CardPack.swift in Sources */,
				A5DA6AB21FA244C400457F27 /* CardsSortingDescriptor.swift in Sources */,
				A57FFB4A1FB5FE8B00B16FE6 /* ChaosBagRecord.swift in Sources */,
				A5DA6AB81FA244C400457F27 /* DeckStats.swift in Sources */,
				A5BCA7B01FA24C74001E6817 /* CardTestSkillIcon.swift in Sources */,
				A5DA6AC71FA2461300457F27 /* CardCycleRecord.swift in Sources */,
				A53E370F1FCDBA080002F85A /* CardFTSRecord.swift in Sources */,
				A5DA6AB71FA244C400457F27 /* DeckCard.swift in Sources */,
				A508E3FD200FB1E100067885 /* JSONLoader.swift in Sources */,
				A5DA6AB31FA244C400457F27 /* CardSubtype.swift in Sources */,
				A5DA6AC61FA2461300457F27 /* InvestigatorRecord.swift in Sources */,
				A5DA6AC51FA2461300457F27 /* CardRecord.swift in Sources */,
				A5DA6AB51FA244C400457F27 /* CardType.swift in Sources */,
				A59CA8352066DC54006A83E6 /* FavoriteCard.swift in Sources */,
				A5BCA7B31FA24CF3001E6817 /* CardFilter.swift in Sources */,
				A5DA6AAE1FA244C400457F27 /* CardCycle.swift in Sources */,
				A5DA6AC81FA2461300457F27 /* CardPackRecord.swift in Sources */,
				A57FFB471FB5FE7F00B16FE6 /* ScenarioRecord.swift in Sources */,
				A59E56BE2011596E00362558 /* DatabaseServer.swift in Sources */,
				A57E8EE51FAE6926008942B0 /* DeckCardRecord.swift in Sources */,
				A55DEB3A1FCA3D5700141FED /* CardImageStore.swift in Sources */,
				A5BCA80E1FA282EF001E6817 /* DeckRecord.swift in Sources */,
				A5DA6AD71FA246DD00457F27 /* CardsStore.swift in Sources */,
				A5779C3A1FB60DA700DB9DAD /* ChaosBagDatabaseMigrator.swift in Sources */,
				A5C6D02720101DC6002EDE2F /* GeneralInfo.swift in Sources */,
				A5D61FEE20337BF1004DAABC /* DeckSortingDescriptor.swift in Sources */,
				A5837B6B1FCF40040062FBFA /* CardTraitRecord.swift in Sources */,
				A5DA6ACB1FA2468900457F27 /* FileChecksumRecord.swift in Sources */,
				A5DA6AAD1FA244C400457F27 /* CardAssetSlot.swift in Sources */,
				A5D8B7321FB64B3B00DAC40F /* ChaosBag.swift in Sources */,
				A5D8B72C1FB64B1E00DAC40F /* Campaign.swift in Sources */,
				A5DA6AAF1FA244C400457F27 /* CardFaction.swift in Sources */,
				A5DA6AD51FA246DD00457F27 /* AHDatabase.swift in Sources */,
				A5779C3D1FB6120A00DB9DAD /* ScenarioChaosBagRecord.swift in Sources */,
				A5DA6AD81FA246DD00457F27 /* DeckStore.swift in Sources */,
				A5837B681FCF3F6A0062FBFA /* TraitRecord.swift in Sources */,
				A5DA6ABB1FA244C400457F27 /* Investigator.swift in Sources */,
				A557A7E81FB0E641007B9D6F /* DeckFilter.swift in Sources */,
				A5DA6AD61FA246DD00457F27 /* AHDatabaseMigrator.swift in Sources */,
				A5DA6AB61FA244C400457F27 /* Deck.swift in Sources */,
				A57FFB441FB5FE7500B16FE6 /* CampaignRecord.swift in Sources */,
				A5D8B72F1FB64B3000DAC40F /* Scenario.swift in Sources */,
				A5779C331FB60C1400DB9DAD /* ChaosBagDatabase.swift in Sources */,
				A5F820602063C46B00A0B31C /* CardRecordV2.swift in Sources */,
				A5DA6AAC1FA244C400457F27 /* Card.swift in Sources */,
			);
			runOnlyForDeploymentPostprocessing = 0;
		};
		A5DA6A761FA23C4C00457F27 /* Sources */ = {
			isa = PBXSourcesBuildPhase;
			buildActionMask = 2147483647;
			files = (
				A55DEB3D1FCA4A7500141FED /* CardImageStoreTests.swift in Sources */,
				A5837B6E1FCF411D0062FBFA /* CardTraitsTests.swift in Sources */,
				A5837B831FD0B77A0062FBFA /* CreateDatabaseInDocumentsTests.swift in Sources */,
				A5D8B7281FB6337300DAC40F /* TableInfoRecord.swift in Sources */,
				A563C3711FB11D670060FE8C /* CardStoreTests.swift in Sources */,
				A5D8B7231FB624FB00DAC40F /* ChaosBagDatabaseTests.swift in Sources */,
				A59E56C4201210D200362558 /* DeckStoreTests.swift in Sources */,
				A51A26521FAF323F004C6ED1 /* DatabaseTestsHelper.swift in Sources */,
				A5837B801FD096F40062FBFA /* CardFiltersTests.swift in Sources */,
				A51A26501FAF323F004C6ED1 /* DatabaseMigrationsTests.swift in Sources */,
				A5653C041FB1FCDE00862AC1 /* AHDatabaseTests.swift in Sources */,
				A59E56C120116D1B00362558 /* DatabaseServerTests.swift in Sources */,
			);
			runOnlyForDeploymentPostprocessing = 0;
		};
/* End PBXSourcesBuildPhase section */

/* Begin PBXTargetDependency section */
		A5DA6A5F1FA23B2900457F27 /* PBXTargetDependency */ = {
			isa = PBXTargetDependency;
			target = A5DA6A521FA23B2900457F27 /* ArkhamHorrorKit iOS */;
			targetProxy = A5DA6A5E1FA23B2900457F27 /* PBXContainerItemProxy */;
		};
		A5DA6A7D1FA23C4C00457F27 /* PBXTargetDependency */ = {
			isa = PBXTargetDependency;
			target = A5DA6A711FA23C4B00457F27 /* ArkhamHorrorKit macOS */;
			targetProxy = A5DA6A7C1FA23C4C00457F27 /* PBXContainerItemProxy */;
		};
/* End PBXTargetDependency section */

/* Begin XCBuildConfiguration section */
		A5DA6A651FA23B2900457F27 /* Debug */ = {
			isa = XCBuildConfiguration;
			buildSettings = {
				ALWAYS_SEARCH_USER_PATHS = NO;
				CLANG_ANALYZER_NONNULL = YES;
				CLANG_ANALYZER_NUMBER_OBJECT_CONVERSION = YES_AGGRESSIVE;
				CLANG_CXX_LANGUAGE_STANDARD = "gnu++14";
				CLANG_CXX_LIBRARY = "libc++";
				CLANG_ENABLE_MODULES = YES;
				CLANG_ENABLE_OBJC_ARC = YES;
				CLANG_WARN_BLOCK_CAPTURE_AUTORELEASING = YES;
				CLANG_WARN_BOOL_CONVERSION = YES;
				CLANG_WARN_COMMA = YES;
				CLANG_WARN_CONSTANT_CONVERSION = YES;
				CLANG_WARN_DIRECT_OBJC_ISA_USAGE = YES_ERROR;
				CLANG_WARN_DOCUMENTATION_COMMENTS = YES;
				CLANG_WARN_EMPTY_BODY = YES;
				CLANG_WARN_ENUM_CONVERSION = YES;
				CLANG_WARN_INFINITE_RECURSION = YES;
				CLANG_WARN_INT_CONVERSION = YES;
				CLANG_WARN_NON_LITERAL_NULL_CONVERSION = YES;
				CLANG_WARN_OBJC_LITERAL_CONVERSION = YES;
				CLANG_WARN_OBJC_ROOT_CLASS = YES_ERROR;
				CLANG_WARN_RANGE_LOOP_ANALYSIS = YES;
				CLANG_WARN_STRICT_PROTOTYPES = YES;
				CLANG_WARN_SUSPICIOUS_MOVE = YES;
				CLANG_WARN_UNGUARDED_AVAILABILITY = YES_AGGRESSIVE;
				CLANG_WARN_UNREACHABLE_CODE = YES;
				CLANG_WARN__DUPLICATE_METHOD_MATCH = YES;
				CODE_SIGN_IDENTITY = "iPhone Developer";
				COPY_PHASE_STRIP = NO;
				CURRENT_PROJECT_VERSION = 1;
				DEBUG_INFORMATION_FORMAT = dwarf;
				ENABLE_STRICT_OBJC_MSGSEND = YES;
				ENABLE_TESTABILITY = YES;
				GCC_C_LANGUAGE_STANDARD = gnu11;
				GCC_DYNAMIC_NO_PIC = NO;
				GCC_NO_COMMON_BLOCKS = YES;
				GCC_OPTIMIZATION_LEVEL = 0;
				GCC_PREPROCESSOR_DEFINITIONS = (
					"DEBUG=1",
					"$(inherited)",
				);
				GCC_WARN_64_TO_32_BIT_CONVERSION = YES;
				GCC_WARN_ABOUT_RETURN_TYPE = YES_ERROR;
				GCC_WARN_UNDECLARED_SELECTOR = YES;
				GCC_WARN_UNINITIALIZED_AUTOS = YES_AGGRESSIVE;
				GCC_WARN_UNUSED_FUNCTION = YES;
				GCC_WARN_UNUSED_VARIABLE = YES;
				IPHONEOS_DEPLOYMENT_TARGET = 11.0;
				MTL_ENABLE_DEBUG_INFO = YES;
				ONLY_ACTIVE_ARCH = YES;
				SDKROOT = iphoneos;
				SUPPORTED_PLATFORMS = "iphonesimulator iphoneos macosx";
				SWIFT_ACTIVE_COMPILATION_CONDITIONS = DEBUG;
				SWIFT_OPTIMIZATION_LEVEL = "-Onone";
				VERSIONING_SYSTEM = "apple-generic";
				VERSION_INFO_PREFIX = "";
			};
			name = Debug;
		};
		A5DA6A661FA23B2900457F27 /* Release */ = {
			isa = XCBuildConfiguration;
			buildSettings = {
				ALWAYS_SEARCH_USER_PATHS = NO;
				CLANG_ANALYZER_NONNULL = YES;
				CLANG_ANALYZER_NUMBER_OBJECT_CONVERSION = YES_AGGRESSIVE;
				CLANG_CXX_LANGUAGE_STANDARD = "gnu++14";
				CLANG_CXX_LIBRARY = "libc++";
				CLANG_ENABLE_MODULES = YES;
				CLANG_ENABLE_OBJC_ARC = YES;
				CLANG_WARN_BLOCK_CAPTURE_AUTORELEASING = YES;
				CLANG_WARN_BOOL_CONVERSION = YES;
				CLANG_WARN_COMMA = YES;
				CLANG_WARN_CONSTANT_CONVERSION = YES;
				CLANG_WARN_DIRECT_OBJC_ISA_USAGE = YES_ERROR;
				CLANG_WARN_DOCUMENTATION_COMMENTS = YES;
				CLANG_WARN_EMPTY_BODY = YES;
				CLANG_WARN_ENUM_CONVERSION = YES;
				CLANG_WARN_INFINITE_RECURSION = YES;
				CLANG_WARN_INT_CONVERSION = YES;
				CLANG_WARN_NON_LITERAL_NULL_CONVERSION = YES;
				CLANG_WARN_OBJC_LITERAL_CONVERSION = YES;
				CLANG_WARN_OBJC_ROOT_CLASS = YES_ERROR;
				CLANG_WARN_RANGE_LOOP_ANALYSIS = YES;
				CLANG_WARN_STRICT_PROTOTYPES = YES;
				CLANG_WARN_SUSPICIOUS_MOVE = YES;
				CLANG_WARN_UNGUARDED_AVAILABILITY = YES_AGGRESSIVE;
				CLANG_WARN_UNREACHABLE_CODE = YES;
				CLANG_WARN__DUPLICATE_METHOD_MATCH = YES;
				CODE_SIGN_IDENTITY = "iPhone Developer";
				COPY_PHASE_STRIP = NO;
				CURRENT_PROJECT_VERSION = 1;
				DEBUG_INFORMATION_FORMAT = "dwarf-with-dsym";
				ENABLE_NS_ASSERTIONS = NO;
				ENABLE_STRICT_OBJC_MSGSEND = YES;
				GCC_C_LANGUAGE_STANDARD = gnu11;
				GCC_NO_COMMON_BLOCKS = YES;
				GCC_WARN_64_TO_32_BIT_CONVERSION = YES;
				GCC_WARN_ABOUT_RETURN_TYPE = YES_ERROR;
				GCC_WARN_UNDECLARED_SELECTOR = YES;
				GCC_WARN_UNINITIALIZED_AUTOS = YES_AGGRESSIVE;
				GCC_WARN_UNUSED_FUNCTION = YES;
				GCC_WARN_UNUSED_VARIABLE = YES;
				IPHONEOS_DEPLOYMENT_TARGET = 11.0;
				MTL_ENABLE_DEBUG_INFO = NO;
				SDKROOT = iphoneos;
				SUPPORTED_PLATFORMS = "iphonesimulator iphoneos macosx";
				SWIFT_OPTIMIZATION_LEVEL = "-Owholemodule";
				VALIDATE_PRODUCT = YES;
				VERSIONING_SYSTEM = "apple-generic";
				VERSION_INFO_PREFIX = "";
			};
			name = Release;
		};
		A5DA6A681FA23B2900457F27 /* Debug */ = {
			isa = XCBuildConfiguration;
			baseConfigurationReference = 403E4BC94DA27F9ABA0AD54D /* Pods-ArkhamHorrorKit iOS.debug.xcconfig */;
			buildSettings = {
				APPLICATION_EXTENSION_API_ONLY = YES;
				CLANG_ENABLE_MODULES = YES;
				CODE_SIGN_IDENTITY = "";
				CODE_SIGN_STYLE = Automatic;
				DEFINES_MODULE = YES;
				DEVELOPMENT_TEAM = 685M3W48R5;
				DYLIB_COMPATIBILITY_VERSION = 1;
				DYLIB_CURRENT_VERSION = 1;
				DYLIB_INSTALL_NAME_BASE = "@rpath";
				INFOPLIST_FILE = "$(SRCROOT)/ArkhamHorrorKit/Info.plist";
				INSTALL_PATH = "$(LOCAL_LIBRARY_DIR)/Frameworks";
				LD_RUNPATH_SEARCH_PATHS = "$(inherited) @executable_path/Frameworks @loader_path/Frameworks";
				PRODUCT_BUNDLE_IDENTIFIER = "com.bitmountains.ArkhamHorrorKit-iOS";
				PRODUCT_NAME = ArkhamHorrorKit;
				SKIP_INSTALL = YES;
				SUPPORTED_PLATFORMS = "iphonesimulator iphoneos";
				SWIFT_OPTIMIZATION_LEVEL = "-Onone";
				SWIFT_VERSION = 4.0;
				TARGETED_DEVICE_FAMILY = "1,2";
			};
			name = Debug;
		};
		A5DA6A691FA23B2900457F27 /* Release */ = {
			isa = XCBuildConfiguration;
			baseConfigurationReference = 89C8B2EF27B1090F77CDBCD6 /* Pods-ArkhamHorrorKit iOS.release.xcconfig */;
			buildSettings = {
				APPLICATION_EXTENSION_API_ONLY = YES;
				CLANG_ENABLE_MODULES = YES;
				CODE_SIGN_IDENTITY = "";
				CODE_SIGN_STYLE = Automatic;
				DEFINES_MODULE = YES;
				DEVELOPMENT_TEAM = 685M3W48R5;
				DYLIB_COMPATIBILITY_VERSION = 1;
				DYLIB_CURRENT_VERSION = 1;
				DYLIB_INSTALL_NAME_BASE = "@rpath";
				INFOPLIST_FILE = "$(SRCROOT)/ArkhamHorrorKit/Info.plist";
				INSTALL_PATH = "$(LOCAL_LIBRARY_DIR)/Frameworks";
				LD_RUNPATH_SEARCH_PATHS = "$(inherited) @executable_path/Frameworks @loader_path/Frameworks";
				PRODUCT_BUNDLE_IDENTIFIER = "com.bitmountains.ArkhamHorrorKit-iOS";
				PRODUCT_NAME = ArkhamHorrorKit;
				SKIP_INSTALL = YES;
				SUPPORTED_PLATFORMS = "iphonesimulator iphoneos";
				SWIFT_VERSION = 4.0;
				TARGETED_DEVICE_FAMILY = "1,2";
			};
			name = Release;
		};
		A5DA6A6B1FA23B2900457F27 /* Debug */ = {
			isa = XCBuildConfiguration;
			baseConfigurationReference = 92398109576434EC7D204ACE /* Pods-ArkhamHorrorKit iOSTests.debug.xcconfig */;
			buildSettings = {
				ALWAYS_EMBED_SWIFT_STANDARD_LIBRARIES = YES;
				CODE_SIGN_STYLE = Automatic;
				DEVELOPMENT_TEAM = 685M3W48R5;
				INFOPLIST_FILE = "$(SRCROOT)/ArkhamHorrorKitTests/Info.plist";
				LD_RUNPATH_SEARCH_PATHS = "$(inherited) @executable_path/Frameworks @loader_path/Frameworks";
				PRODUCT_BUNDLE_IDENTIFIER = "com.bitmountains.ArkhamHorrorKit-iOSTests";
				PRODUCT_NAME = "$(TARGET_NAME)";
				SWIFT_VERSION = 4.0;
				TARGETED_DEVICE_FAMILY = "1,2";
			};
			name = Debug;
		};
		A5DA6A6C1FA23B2900457F27 /* Release */ = {
			isa = XCBuildConfiguration;
			baseConfigurationReference = 972F31D02760183140847776 /* Pods-ArkhamHorrorKit iOSTests.release.xcconfig */;
			buildSettings = {
				ALWAYS_EMBED_SWIFT_STANDARD_LIBRARIES = YES;
				CODE_SIGN_STYLE = Automatic;
				DEVELOPMENT_TEAM = 685M3W48R5;
				INFOPLIST_FILE = "$(SRCROOT)/ArkhamHorrorKitTests/Info.plist";
				LD_RUNPATH_SEARCH_PATHS = "$(inherited) @executable_path/Frameworks @loader_path/Frameworks";
				PRODUCT_BUNDLE_IDENTIFIER = "com.bitmountains.ArkhamHorrorKit-iOSTests";
				PRODUCT_NAME = "$(TARGET_NAME)";
				SWIFT_VERSION = 4.0;
				TARGETED_DEVICE_FAMILY = "1,2";
			};
			name = Release;
		};
		A5DA6A841FA23C4C00457F27 /* Debug */ = {
			isa = XCBuildConfiguration;
			baseConfigurationReference = 5746127878EF0FE645682EAC /* Pods-ArkhamHorrorKit macOS.debug.xcconfig */;
			buildSettings = {
				APPLICATION_EXTENSION_API_ONLY = YES;
				CLANG_ENABLE_MODULES = YES;
				CODE_SIGN_IDENTITY = "";
				CODE_SIGN_STYLE = Automatic;
				COMBINE_HIDPI_IMAGES = YES;
				DEFINES_MODULE = YES;
				DEVELOPMENT_TEAM = 685M3W48R5;
				DYLIB_COMPATIBILITY_VERSION = 1;
				DYLIB_CURRENT_VERSION = 1;
				DYLIB_INSTALL_NAME_BASE = "@rpath";
				FRAMEWORK_VERSION = A;
				INFOPLIST_FILE = "$(SRCROOT)/ArkhamHorrorKit/Info.plist";
				INSTALL_PATH = "$(LOCAL_LIBRARY_DIR)/Frameworks";
				LD_RUNPATH_SEARCH_PATHS = "$(inherited) @executable_path/../Frameworks @loader_path/Frameworks";
				MACOSX_DEPLOYMENT_TARGET = 10.12;
				PRODUCT_BUNDLE_IDENTIFIER = "com.bitmountains.ArkhamHorrorKit-macOS";
				PRODUCT_NAME = ArkhamHorrorKit;
				SDKROOT = macosx;
				SKIP_INSTALL = YES;
				SUPPORTED_PLATFORMS = macosx;
				SWIFT_OPTIMIZATION_LEVEL = "-Onone";
				SWIFT_VERSION = 4.0;
			};
			name = Debug;
		};
		A5DA6A851FA23C4C00457F27 /* Release */ = {
			isa = XCBuildConfiguration;
			baseConfigurationReference = 739703D8630EB59C132EF167 /* Pods-ArkhamHorrorKit macOS.release.xcconfig */;
			buildSettings = {
				APPLICATION_EXTENSION_API_ONLY = YES;
				CLANG_ENABLE_MODULES = YES;
				CODE_SIGN_IDENTITY = "";
				CODE_SIGN_STYLE = Automatic;
				COMBINE_HIDPI_IMAGES = YES;
				DEFINES_MODULE = YES;
				DEVELOPMENT_TEAM = 685M3W48R5;
				DYLIB_COMPATIBILITY_VERSION = 1;
				DYLIB_CURRENT_VERSION = 1;
				DYLIB_INSTALL_NAME_BASE = "@rpath";
				FRAMEWORK_VERSION = A;
				INFOPLIST_FILE = "$(SRCROOT)/ArkhamHorrorKit/Info.plist";
				INSTALL_PATH = "$(LOCAL_LIBRARY_DIR)/Frameworks";
				LD_RUNPATH_SEARCH_PATHS = "$(inherited) @executable_path/../Frameworks @loader_path/Frameworks";
				MACOSX_DEPLOYMENT_TARGET = 10.12;
				PRODUCT_BUNDLE_IDENTIFIER = "com.bitmountains.ArkhamHorrorKit-macOS";
				PRODUCT_NAME = ArkhamHorrorKit;
				SDKROOT = macosx;
				SKIP_INSTALL = YES;
				SUPPORTED_PLATFORMS = macosx;
				SWIFT_VERSION = 4.0;
			};
			name = Release;
		};
		A5DA6A871FA23C4C00457F27 /* Debug */ = {
			isa = XCBuildConfiguration;
			baseConfigurationReference = A214A815668A3EB391B6A12D /* Pods-ArkhamHorrorKit macOSTests.debug.xcconfig */;
			buildSettings = {
				ALWAYS_EMBED_SWIFT_STANDARD_LIBRARIES = YES;
				CODE_SIGN_IDENTITY = "Mac Developer";
				CODE_SIGN_STYLE = Automatic;
				COMBINE_HIDPI_IMAGES = YES;
				DEVELOPMENT_TEAM = 685M3W48R5;
				INFOPLIST_FILE = "$(SRCROOT)/ArkhamHorrorKitTests/Info.plist";
				LD_RUNPATH_SEARCH_PATHS = "$(inherited) @executable_path/../Frameworks @loader_path/../Frameworks";
				MACOSX_DEPLOYMENT_TARGET = 10.12;
				PRODUCT_BUNDLE_IDENTIFIER = "com.bitmountains.ArkhamHorrorKit-macOSTests";
				PRODUCT_NAME = "$(TARGET_NAME)";
				SDKROOT = macosx;
				SWIFT_VERSION = 4.0;
			};
			name = Debug;
		};
		A5DA6A881FA23C4C00457F27 /* Release */ = {
			isa = XCBuildConfiguration;
			baseConfigurationReference = 78E4E9C345DA3BC51A624F4C /* Pods-ArkhamHorrorKit macOSTests.release.xcconfig */;
			buildSettings = {
				ALWAYS_EMBED_SWIFT_STANDARD_LIBRARIES = YES;
				CODE_SIGN_IDENTITY = "Mac Developer";
				CODE_SIGN_STYLE = Automatic;
				COMBINE_HIDPI_IMAGES = YES;
				DEVELOPMENT_TEAM = 685M3W48R5;
				INFOPLIST_FILE = "$(SRCROOT)/ArkhamHorrorKitTests/Info.plist";
				LD_RUNPATH_SEARCH_PATHS = "$(inherited) @executable_path/../Frameworks @loader_path/../Frameworks";
				MACOSX_DEPLOYMENT_TARGET = 10.12;
				PRODUCT_BUNDLE_IDENTIFIER = "com.bitmountains.ArkhamHorrorKit-macOSTests";
				PRODUCT_NAME = "$(TARGET_NAME)";
				SDKROOT = macosx;
				SWIFT_VERSION = 4.0;
			};
			name = Release;
		};
/* End XCBuildConfiguration section */

/* Begin XCConfigurationList section */
		A5DA6A4D1FA23B2900457F27 /* Build configuration list for PBXProject "ArkhamHorrorKit" */ = {
			isa = XCConfigurationList;
			buildConfigurations = (
				A5DA6A651FA23B2900457F27 /* Debug */,
				A5DA6A661FA23B2900457F27 /* Release */,
			);
			defaultConfigurationIsVisible = 0;
			defaultConfigurationName = Release;
		};
		A5DA6A671FA23B2900457F27 /* Build configuration list for PBXNativeTarget "ArkhamHorrorKit iOS" */ = {
			isa = XCConfigurationList;
			buildConfigurations = (
				A5DA6A681FA23B2900457F27 /* Debug */,
				A5DA6A691FA23B2900457F27 /* Release */,
			);
			defaultConfigurationIsVisible = 0;
			defaultConfigurationName = Release;
		};
		A5DA6A6A1FA23B2900457F27 /* Build configuration list for PBXNativeTarget "ArkhamHorrorKit iOSTests" */ = {
			isa = XCConfigurationList;
			buildConfigurations = (
				A5DA6A6B1FA23B2900457F27 /* Debug */,
				A5DA6A6C1FA23B2900457F27 /* Release */,
			);
			defaultConfigurationIsVisible = 0;
			defaultConfigurationName = Release;
		};
		A5DA6A831FA23C4C00457F27 /* Build configuration list for PBXNativeTarget "ArkhamHorrorKit macOS" */ = {
			isa = XCConfigurationList;
			buildConfigurations = (
				A5DA6A841FA23C4C00457F27 /* Debug */,
				A5DA6A851FA23C4C00457F27 /* Release */,
			);
			defaultConfigurationIsVisible = 0;
			defaultConfigurationName = Release;
		};
		A5DA6A861FA23C4C00457F27 /* Build configuration list for PBXNativeTarget "ArkhamHorrorKit macOSTests" */ = {
			isa = XCConfigurationList;
			buildConfigurations = (
				A5DA6A871FA23C4C00457F27 /* Debug */,
				A5DA6A881FA23C4C00457F27 /* Release */,
			);
			defaultConfigurationIsVisible = 0;
			defaultConfigurationName = Release;
		};
/* End XCConfigurationList section */
	};
	rootObject = A5DA6A4A1FA23B2900457F27 /* Project object */;
}
